// !$*UTF8*$!
{
	archiveVersion = 1;
	classes = {
	};
	objectVersion = 50;
	objects = {

/* Begin PBXBuildFile section */
		5048118A29BB999100D5EABF /* AppDelegate.swift in Sources */ = {isa = PBXBuildFile; fileRef = 5048118929BB999100D5EABF /* AppDelegate.swift */; };
		5048118C29BB999100D5EABF /* SceneDelegate.swift in Sources */ = {isa = PBXBuildFile; fileRef = 5048118B29BB999100D5EABF /* SceneDelegate.swift */; };
		5048118E29BB999100D5EABF /* MainView.swift in Sources */ = {isa = PBXBuildFile; fileRef = 5048118D29BB999100D5EABF /* MainView.swift */; };
		5048119129BB999100D5EABF /* Main.storyboard in Resources */ = {isa = PBXBuildFile; fileRef = 5048118F29BB999100D5EABF /* Main.storyboard */; };
		5048119329BB999200D5EABF /* Assets.xcassets in Resources */ = {isa = PBXBuildFile; fileRef = 5048119229BB999200D5EABF /* Assets.xcassets */; };
		5048119629BB999200D5EABF /* LaunchScreen.storyboard in Resources */ = {isa = PBXBuildFile; fileRef = 5048119429BB999200D5EABF /* LaunchScreen.storyboard */; };
		5048119E29BBB8D000D5EABF /* Task2UIViewController.swift in Sources */ = {isa = PBXBuildFile; fileRef = 5048119D29BBB8D000D5EABF /* Task2UIViewController.swift */; };
		504811A029BBBECC00D5EABF /* Task3ViewController.swift in Sources */ = {isa = PBXBuildFile; fileRef = 5048119F29BBBECC00D5EABF /* Task3ViewController.swift */; };
/* End PBXBuildFile section */

/* Begin PBXFileReference section */
		5048118629BB999100D5EABF /* AutoLayOut15.app */ = {isa = PBXFileReference; explicitFileType = wrapper.application; includeInIndex = 0; path = AutoLayOut15.app; sourceTree = BUILT_PRODUCTS_DIR; };
		5048118929BB999100D5EABF /* AppDelegate.swift */ = {isa = PBXFileReference; lastKnownFileType = sourcecode.swift; path = AppDelegate.swift; sourceTree = "<group>"; };
		5048118B29BB999100D5EABF /* SceneDelegate.swift */ = {isa = PBXFileReference; lastKnownFileType = sourcecode.swift; path = SceneDelegate.swift; sourceTree = "<group>"; };
		5048118D29BB999100D5EABF /* MainView.swift */ = {isa = PBXFileReference; lastKnownFileType = sourcecode.swift; path = MainView.swift; sourceTree = "<group>"; };
		5048119029BB999100D5EABF /* Base */ = {isa = PBXFileReference; lastKnownFileType = file.storyboard; name = Base; path = Base.lproj/Main.storyboard; sourceTree = "<group>"; };
		5048119229BB999200D5EABF /* Assets.xcassets */ = {isa = PBXFileReference; lastKnownFileType = folder.assetcatalog; path = Assets.xcassets; sourceTree = "<group>"; };
		5048119529BB999200D5EABF /* Base */ = {isa = PBXFileReference; lastKnownFileType = file.storyboard; name = Base; path = Base.lproj/LaunchScreen.storyboard; sourceTree = "<group>"; };
		5048119729BB999200D5EABF /* Info.plist */ = {isa = PBXFileReference; lastKnownFileType = text.plist.xml; path = Info.plist; sourceTree = "<group>"; };
		5048119D29BBB8D000D5EABF /* Task2UIViewController.swift */ = {isa = PBXFileReference; lastKnownFileType = sourcecode.swift; path = Task2UIViewController.swift; sourceTree = "<group>"; };
		5048119F29BBBECC00D5EABF /* Task3ViewController.swift */ = {isa = PBXFileReference; lastKnownFileType = sourcecode.swift; path = Task3ViewController.swift; sourceTree = "<group>"; };
/* End PBXFileReference section */

/* Begin PBXFrameworksBuildPhase section */
		5048118329BB999100D5EABF /* Frameworks */ = {
			isa = PBXFrameworksBuildPhase;
			buildActionMask = 2147483647;
			files = (
			);
			runOnlyForDeploymentPostprocessing = 0;
		};
/* End PBXFrameworksBuildPhase section */

/* Begin PBXGroup section */
		5048117D29BB999100D5EABF = {
			isa = PBXGroup;
			children = (
				5048118829BB999100D5EABF /* AutoLayOut15 */,
				5048118729BB999100D5EABF /* Products */,
			);
			sourceTree = "<group>";
		};
		5048118729BB999100D5EABF /* Products */ = {
			isa = PBXGroup;
			children = (
				5048118629BB999100D5EABF /* AutoLayOut15.app */,
			);
			name = Products;
			sourceTree = "<group>";
		};
		5048118829BB999100D5EABF /* AutoLayOut15 */ = {
			isa = PBXGroup;
			children = (
				5048118929BB999100D5EABF /* AppDelegate.swift */,
				5048118B29BB999100D5EABF /* SceneDelegate.swift */,
				5048118D29BB999100D5EABF /* MainView.swift */,
				5048119D29BBB8D000D5EABF /* Task2UIViewController.swift */,
				5048119F29BBBECC00D5EABF /* Task3ViewController.swift */,
				5048118F29BB999100D5EABF /* Main.storyboard */,
				5048119229BB999200D5EABF /* Assets.xcassets */,
				5048119429BB999200D5EABF /* LaunchScreen.storyboard */,
				5048119729BB999200D5EABF /* Info.plist */,
			);
			path = AutoLayOut15;
			sourceTree = "<group>";
		};
/* End PBXGroup section */

/* Begin PBXNativeTarget section */
		5048118529BB999100D5EABF /* AutoLayOut15 */ = {
			isa = PBXNativeTarget;
			buildConfigurationList = 5048119A29BB999200D5EABF /* Build configuration list for PBXNativeTarget "AutoLayOut15" */;
			buildPhases = (
				5048118229BB999100D5EABF /* Sources */,
				5048118329BB999100D5EABF /* Frameworks */,
				5048118429BB999100D5EABF /* Resources */,
			);
			buildRules = (
			);
			dependencies = (
			);
			name = AutoLayOut15;
			productName = AutoLayOut15;
			productReference = 5048118629BB999100D5EABF /* AutoLayOut15.app */;
			productType = "com.apple.product-type.application";
		};
/* End PBXNativeTarget section */

/* Begin PBXProject section */
		5048117E29BB999100D5EABF /* Project object */ = {
			isa = PBXProject;
			attributes = {
				LastSwiftUpdateCheck = 1250;
				LastUpgradeCheck = 1250;
				TargetAttributes = {
					5048118529BB999100D5EABF = {
						CreatedOnToolsVersion = 12.5.1;
					};
				};
			};
			buildConfigurationList = 5048118129BB999100D5EABF /* Build configuration list for PBXProject "AutoLayOut15" */;
			compatibilityVersion = "Xcode 9.3";
			developmentRegion = en;
			hasScannedForEncodings = 0;
			knownRegions = (
				en,
				Base,
			);
			mainGroup = 5048117D29BB999100D5EABF;
			productRefGroup = 5048118729BB999100D5EABF /* Products */;
			projectDirPath = "";
			projectRoot = "";
			targets = (
				5048118529BB999100D5EABF /* AutoLayOut15 */,
			);
		};
/* End PBXProject section */

/* Begin PBXResourcesBuildPhase section */
		5048118429BB999100D5EABF /* Resources */ = {
			isa = PBXResourcesBuildPhase;
			buildActionMask = 2147483647;
			files = (
				5048119629BB999200D5EABF /* LaunchScreen.storyboard in Resources */,
				5048119329BB999200D5EABF /* Assets.xcassets in Resources */,
				5048119129BB999100D5EABF /* Main.storyboard in Resources */,
			);
			runOnlyForDeploymentPostprocessing = 0;
		};
/* End PBXResourcesBuildPhase section */

/* Begin PBXSourcesBuildPhase section */
		5048118229BB999100D5EABF /* Sources */ = {
			isa = PBXSourcesBuildPhase;
			buildActionMask = 2147483647;
			files = (
				5048119E29BBB8D000D5EABF /* Task2UIViewController.swift in Sources */,
				5048118E29BB999100D5EABF /* MainView.swift in Sources */,
				5048118A29BB999100D5EABF /* AppDelegate.swift in Sources */,
				5048118C29BB999100D5EABF /* SceneDelegate.swift in Sources */,
				504811A029BBBECC00D5EABF /* Task3ViewController.swift in Sources */,
			);
			runOnlyForDeploymentPostprocessing = 0;
		};
/* End PBXSourcesBuildPhase section */

/* Begin PBXVariantGroup section */
		5048118F29BB999100D5EABF /* Main.storyboard */ = {
			isa = PBXVariantGroup;
			children = (
				5048119029BB999100D5EABF /* Base */,
			);
			name = Main.storyboard;
			sourceTree = "<group>";
		};
		5048119429BB999200D5EABF /* LaunchScreen.storyboard */ = {
			isa = PBXVariantGroup;
			children = (
				5048119529BB999200D5EABF /* Base */,
			);
			name = LaunchScreen.storyboard;
			sourceTree = "<group>";
		};
/* End PBXVariantGroup section */

/* Begin XCBuildConfiguration section */
		5048119829BB999200D5EABF /* Debug */ = {
			isa = XCBuildConfiguration;
			buildSettings = {
				ALWAYS_SEARCH_USER_PATHS = NO;
				CLANG_ANALYZER_NONNULL = YES;
				CLANG_ANALYZER_NUMBER_OBJECT_CONVERSION = YES_AGGRESSIVE;
				CLANG_CXX_LANGUAGE_STANDARD = "gnu++14";
				CLANG_CXX_LIBRARY = "libc++";
				CLANG_ENABLE_MODULES = YES;
				CLANG_ENABLE_OBJC_ARC = YES;
				CLANG_ENABLE_OBJC_WEAK = YES;
				CLANG_WARN_BLOCK_CAPTURE_AUTORELEASING = YES;
				CLANG_WARN_BOOL_CONVERSION = YES;
				CLANG_WARN_COMMA = YES;
				CLANG_WARN_CONSTANT_CONVERSION = YES;
				CLANG_WARN_DEPRECATED_OBJC_IMPLEMENTATIONS = YES;
				CLANG_WARN_DIRECT_OBJC_ISA_USAGE = YES_ERROR;
				CLANG_WARN_DOCUMENTATION_COMMENTS = YES;
				CLANG_WARN_EMPTY_BODY = YES;
				CLANG_WARN_ENUM_CONVERSION = YES;
				CLANG_WARN_INFINITE_RECURSION = YES;
				CLANG_WARN_INT_CONVERSION = YES;
				CLANG_WARN_NON_LITERAL_NULL_CONVERSION = YES;
				CLANG_WARN_OBJC_IMPLICIT_RETAIN_SELF = YES;
				CLANG_WARN_OBJC_LITERAL_CONVERSION = YES;
				CLANG_WARN_OBJC_ROOT_CLASS = YES_ERROR;
				CLANG_WARN_QUOTED_INCLUDE_IN_FRAMEWORK_HEADER = YES;
				CLANG_WARN_RANGE_LOOP_ANALYSIS = YES;
				CLANG_WARN_STRICT_PROTOTYPES = YES;
				CLANG_WARN_SUSPICIOUS_MOVE = YES;
				CLANG_WARN_UNGUARDED_AVAILABILITY = YES_AGGRESSIVE;
				CLANG_WARN_UNREACHABLE_CODE = YES;
				CLANG_WARN__DUPLICATE_METHOD_MATCH = YES;
				COPY_PHASE_STRIP = NO;
				DEBUG_INFORMATION_FORMAT = dwarf;
				ENABLE_STRICT_OBJC_MSGSEND = YES;
				ENABLE_TESTABILITY = YES;
				GCC_C_LANGUAGE_STANDARD = gnu11;
				GCC_DYNAMIC_NO_PIC = NO;
				GCC_NO_COMMON_BLOCKS = YES;
				GCC_OPTIMIZATION_LEVEL = 0;
				GCC_PREPROCESSOR_DEFINITIONS = (
					"DEBUG=1",
					"$(inherited)",
				);
				GCC_WARN_64_TO_32_BIT_CONVERSION = YES;
				GCC_WARN_ABOUT_RETURN_TYPE = YES_ERROR;
				GCC_WARN_UNDECLARED_SELECTOR = YES;
				GCC_WARN_UNINITIALIZED_AUTOS = YES_AGGRESSIVE;
				GCC_WARN_UNUSED_FUNCTION = YES;
				GCC_WARN_UNUSED_VARIABLE = YES;
				IPHONEOS_DEPLOYMENT_TARGET = 14.5;
				MTL_ENABLE_DEBUG_INFO = INCLUDE_SOURCE;
				MTL_FAST_MATH = YES;
				ONLY_ACTIVE_ARCH = YES;
				SDKROOT = iphoneos;
				SWIFT_ACTIVE_COMPILATION_CONDITIONS = DEBUG;
				SWIFT_OPTIMIZATION_LEVEL = "-Onone";
			};
			name = Debug;
		};
		5048119929BB999200D5EABF /* Release */ = {
			isa = XCBuildConfiguration;
			buildSettings = {
				ALWAYS_SEARCH_USER_PATHS = NO;
				CLANG_ANALYZER_NONNULL = YES;
				CLANG_ANALYZER_NUMBER_OBJECT_CONVERSION = YES_AGGRESSIVE;
				CLANG_CXX_LANGUAGE_STANDARD = "gnu++14";
				CLANG_CXX_LIBRARY = "libc++";
				CLANG_ENABLE_MODULES = YES;
				CLANG_ENABLE_OBJC_ARC = YES;
				CLANG_ENABLE_OBJC_WEAK = YES;
				CLANG_WARN_BLOCK_CAPTURE_AUTORELEASING = YES;
				CLANG_WARN_BOOL_CONVERSION = YES;
				CLANG_WARN_COMMA = YES;
				CLANG_WARN_CONSTANT_CONVERSION = YES;
				CLANG_WARN_DEPRECATED_OBJC_IMPLEMENTATIONS = YES;
				CLANG_WARN_DIRECT_OBJC_ISA_USAGE = YES_ERROR;
				CLANG_WARN_DOCUMENTATION_COMMENTS = YES;
				CLANG_WARN_EMPTY_BODY = YES;
				CLANG_WARN_ENUM_CONVERSION = YES;
				CLANG_WARN_INFINITE_RECURSION = YES;
				CLANG_WARN_INT_CONVERSION = YES;
				CLANG_WARN_NON_LITERAL_NULL_CONVERSION = YES;
				CLANG_WARN_OBJC_IMPLICIT_RETAIN_SELF = YES;
				CLANG_WARN_OBJC_LITERAL_CONVERSION = YES;
				CLANG_WARN_OBJC_ROOT_CLASS = YES_ERROR;
				CLANG_WARN_QUOTED_INCLUDE_IN_FRAMEWORK_HEADER = YES;
				CLANG_WARN_RANGE_LOOP_ANALYSIS = YES;
				CLANG_WARN_STRICT_PROTOTYPES = YES;
				CLANG_WARN_SUSPICIOUS_MOVE = YES;
				CLANG_WARN_UNGUARDED_AVAILABILITY = YES_AGGRESSIVE;
				CLANG_WARN_UNREACHABLE_CODE = YES;
				CLANG_WARN__DUPLICATE_METHOD_MATCH = YES;
				COPY_PHASE_STRIP = NO;
				DEBUG_INFORMATION_FORMAT = "dwarf-with-dsym";
				ENABLE_NS_ASSERTIONS = NO;
				ENABLE_STRICT_OBJC_MSGSEND = YES;
				GCC_C_LANGUAGE_STANDARD = gnu11;
				GCC_NO_COMMON_BLOCKS = YES;
				GCC_WARN_64_TO_32_BIT_CONVERSION = YES;
				GCC_WARN_ABOUT_RETURN_TYPE = YES_ERROR;
				GCC_WARN_UNDECLARED_SELECTOR = YES;
				GCC_WARN_UNINITIALIZED_AUTOS = YES_AGGRESSIVE;
				GCC_WARN_UNUSED_FUNCTION = YES;
				GCC_WARN_UNUSED_VARIABLE = YES;
				IPHONEOS_DEPLOYMENT_TARGET = 14.5;
				MTL_ENABLE_DEBUG_INFO = NO;
				MTL_FAST_MATH = YES;
				SDKROOT = iphoneos;
				SWIFT_COMPILATION_MODE = wholemodule;
				SWIFT_OPTIMIZATION_LEVEL = "-O";
				VALIDATE_PRODUCT = YES;
			};
			name = Release;
		};
		5048119B29BB999200D5EABF /* Debug */ = {
			isa = XCBuildConfiguration;
			buildSettings = {
				ASSETCATALOG_COMPILER_APPICON_NAME = AppIcon;
				ASSETCATALOG_COMPILER_GLOBAL_ACCENT_COLOR_NAME = AccentColor;
				CODE_SIGN_STYLE = Automatic;
				DEVELOPMENT_TEAM = 6TQ6462CZP;
				INFOPLIST_FILE = AutoLayOut15/Info.plist;
				LD_RUNPATH_SEARCH_PATHS = (
					"$(inherited)",
					"@executable_path/Frameworks",
				);
				PRODUCT_BUNDLE_IDENTIFIER = "maksymoliiarnyk-nltu.lviv.ua.AutoLayOut15";
				PRODUCT_NAME = "$(TARGET_NAME)";
				SWIFT_VERSION = 5.0;
				TARGETED_DEVICE_FAMILY = 1;
			};
			name = Debug;
		};
		5048119C29BB999200D5EABF /* Release */ = {
			isa = XCBuildConfiguration;
			buildSettings = {
				ASSETCATALOG_COMPILER_APPICON_NAME = AppIcon;
				ASSETCATALOG_COMPILER_GLOBAL_ACCENT_COLOR_NAME = AccentColor;
				CODE_SIGN_STYLE = Automatic;
				DEVELOPMENT_TEAM = 6TQ6462CZP;
				INFOPLIST_FILE = AutoLayOut15/Info.plist;
				LD_RUNPATH_SEARCH_PATHS = (
					"$(inherited)",
					"@executable_path/Frameworks",
				);
				PRODUCT_BUNDLE_IDENTIFIER = "maksymoliiarnyk-nltu.lviv.ua.AutoLayOut15";
				PRODUCT_NAME = "$(TARGET_NAME)";
				SWIFT_VERSION = 5.0;
				TARGETED_DEVICE_FAMILY = 1;
			};
			name = Release;
		};
/* End XCBuildConfiguration section */

/* Begin XCConfigurationList section */
		5048118129BB999100D5EABF /* Build configuration list for PBXProject "AutoLayOut15" */ = {
			isa = XCConfigurationList;
			buildConfigurations = (
				5048119829BB999200D5EABF /* Debug */,
				5048119929BB999200D5EABF /* Release */,
			);
			defaultConfigurationIsVisible = 0;
			defaultConfigurationName = Release;
		};
		5048119A29BB999200D5EABF /* Build configuration list for PBXNativeTarget "AutoLayOut15" */ = {
			isa = XCConfigurationList;
			buildConfigurations = (
				5048119B29BB999200D5EABF /* Debug */,
				5048119C29BB999200D5EABF /* Release */,
			);
			defaultConfigurationIsVisible = 0;
			defaultConfigurationName = Release;
		};
/* End XCConfigurationList section */
	};
	rootObject = 5048117E29BB999100D5EABF /* Project object */;
}
