// !$*UTF8*$!
{
	archiveVersion = 1;
	classes = {
	};
	objectVersion = 50;
	objects = {

/* Begin PBXBuildFile section */
		50213495299B81F400E51EFA /* AppDelegate.swift in Sources */ = {isa = PBXBuildFile; fileRef = 50213494299B81F400E51EFA /* AppDelegate.swift */; };
		50213497299B81F400E51EFA /* SceneDelegate.swift in Sources */ = {isa = PBXBuildFile; fileRef = 50213496299B81F400E51EFA /* SceneDelegate.swift */; };
		50213499299B81F400E51EFA /* ViewController.swift in Sources */ = {isa = PBXBuildFile; fileRef = 50213498299B81F400E51EFA /* ViewController.swift */; };
		5021349C299B81F400E51EFA /* Main.storyboard in Resources */ = {isa = PBXBuildFile; fileRef = 5021349A299B81F400E51EFA /* Main.storyboard */; };
		5021349E299B81F400E51EFA /* Assets.xcassets in Resources */ = {isa = PBXBuildFile; fileRef = 5021349D299B81F400E51EFA /* Assets.xcassets */; };
		502134A1299B81F400E51EFA /* LaunchScreen.storyboard in Resources */ = {isa = PBXBuildFile; fileRef = 5021349F299B81F400E51EFA /* LaunchScreen.storyboard */; };
		505FFCEC299F9EB100E76C4F /* PickerLabels.swift in Sources */ = {isa = PBXBuildFile; fileRef = 505FFCEB299F9EB100E76C4F /* PickerLabels.swift */; };
/* End PBXBuildFile section */

/* Begin PBXFileReference section */
		50213491299B81F400E51EFA /* testssss.app */ = {isa = PBXFileReference; explicitFileType = wrapper.application; includeInIndex = 0; path = testssss.app; sourceTree = BUILT_PRODUCTS_DIR; };
		50213494299B81F400E51EFA /* AppDelegate.swift */ = {isa = PBXFileReference; lastKnownFileType = sourcecode.swift; path = AppDelegate.swift; sourceTree = "<group>"; };
		50213496299B81F400E51EFA /* SceneDelegate.swift */ = {isa = PBXFileReference; lastKnownFileType = sourcecode.swift; path = SceneDelegate.swift; sourceTree = "<group>"; };
		50213498299B81F400E51EFA /* ViewController.swift */ = {isa = PBXFileReference; lastKnownFileType = sourcecode.swift; path = ViewController.swift; sourceTree = "<group>"; };
		5021349B299B81F400E51EFA /* Base */ = {isa = PBXFileReference; lastKnownFileType = file.storyboard; name = Base; path = Base.lproj/Main.storyboard; sourceTree = "<group>"; };
		5021349D299B81F400E51EFA /* Assets.xcassets */ = {isa = PBXFileReference; lastKnownFileType = folder.assetcatalog; path = Assets.xcassets; sourceTree = "<group>"; };
		502134A0299B81F400E51EFA /* Base */ = {isa = PBXFileReference; lastKnownFileType = file.storyboard; name = Base; path = Base.lproj/LaunchScreen.storyboard; sourceTree = "<group>"; };
		502134A2299B81F400E51EFA /* Info.plist */ = {isa = PBXFileReference; lastKnownFileType = text.plist.xml; path = Info.plist; sourceTree = "<group>"; };
		505FFCEB299F9EB100E76C4F /* PickerLabels.swift */ = {isa = PBXFileReference; lastKnownFileType = sourcecode.swift; path = PickerLabels.swift; sourceTree = "<group>"; };
/* End PBXFileReference section */

/* Begin PBXFrameworksBuildPhase section */
		5021348E299B81F400E51EFA /* Frameworks */ = {
			isa = PBXFrameworksBuildPhase;
			buildActionMask = 2147483647;
			files = (
			);
			runOnlyForDeploymentPostprocessing = 0;
		};
/* End PBXFrameworksBuildPhase section */

/* Begin PBXGroup section */
		50213488299B81F400E51EFA = {
			isa = PBXGroup;
			children = (
				50213493299B81F400E51EFA /* testssss */,
				50213492299B81F400E51EFA /* Products */,
			);
			sourceTree = "<group>";
		};
		50213492299B81F400E51EFA /* Products */ = {
			isa = PBXGroup;
			children = (
				50213491299B81F400E51EFA /* testssss.app */,
			);
			name = Products;
			sourceTree = "<group>";
		};
		50213493299B81F400E51EFA /* testssss */ = {
			isa = PBXGroup;
			children = (
				50213494299B81F400E51EFA /* AppDelegate.swift */,
				50213496299B81F400E51EFA /* SceneDelegate.swift */,
				50213498299B81F400E51EFA /* ViewController.swift */,
				505FFCEB299F9EB100E76C4F /* PickerLabels.swift */,
				5021349A299B81F400E51EFA /* Main.storyboard */,
				5021349D299B81F400E51EFA /* Assets.xcassets */,
				5021349F299B81F400E51EFA /* LaunchScreen.storyboard */,
				502134A2299B81F400E51EFA /* Info.plist */,
			);
			path = testssss;
			sourceTree = "<group>";
		};
/* End PBXGroup section */

/* Begin PBXNativeTarget section */
		50213490299B81F400E51EFA /* testssss */ = {
			isa = PBXNativeTarget;
			buildConfigurationList = 502134A5299B81F400E51EFA /* Build configuration list for PBXNativeTarget "testssss" */;
			buildPhases = (
				5021348D299B81F400E51EFA /* Sources */,
				5021348E299B81F400E51EFA /* Frameworks */,
				5021348F299B81F400E51EFA /* Resources */,
			);
			buildRules = (
			);
			dependencies = (
			);
			name = testssss;
			productName = testssss;
			productReference = 50213491299B81F400E51EFA /* testssss.app */;
			productType = "com.apple.product-type.application";
		};
/* End PBXNativeTarget section */

/* Begin PBXProject section */
		50213489299B81F400E51EFA /* Project object */ = {
			isa = PBXProject;
			attributes = {
				LastSwiftUpdateCheck = 1250;
				LastUpgradeCheck = 1250;
				TargetAttributes = {
					50213490299B81F400E51EFA = {
						CreatedOnToolsVersion = 12.5.1;
					};
				};
			};
			buildConfigurationList = 5021348C299B81F400E51EFA /* Build configuration list for PBXProject "testssss" */;
			compatibilityVersion = "Xcode 9.3";
			developmentRegion = en;
			hasScannedForEncodings = 0;
			knownRegions = (
				en,
				Base,
			);
			mainGroup = 50213488299B81F400E51EFA;
			productRefGroup = 50213492299B81F400E51EFA /* Products */;
			projectDirPath = "";
			projectRoot = "";
			targets = (
				50213490299B81F400E51EFA /* testssss */,
			);
		};
/* End PBXProject section */

/* Begin PBXResourcesBuildPhase section */
		5021348F299B81F400E51EFA /* Resources */ = {
			isa = PBXResourcesBuildPhase;
			buildActionMask = 2147483647;
			files = (
				502134A1299B81F400E51EFA /* LaunchScreen.storyboard in Resources */,
				5021349E299B81F400E51EFA /* Assets.xcassets in Resources */,
				5021349C299B81F400E51EFA /* Main.storyboard in Resources */,
			);
			runOnlyForDeploymentPostprocessing = 0;
		};
/* End PBXResourcesBuildPhase section */

/* Begin PBXSourcesBuildPhase section */
		5021348D299B81F400E51EFA /* Sources */ = {
			isa = PBXSourcesBuildPhase;
			buildActionMask = 2147483647;
			files = (
				50213499299B81F400E51EFA /* ViewController.swift in Sources */,
				50213495299B81F400E51EFA /* AppDelegate.swift in Sources */,
				505FFCEC299F9EB100E76C4F /* PickerLabels.swift in Sources */,
				50213497299B81F400E51EFA /* SceneDelegate.swift in Sources */,
			);
			runOnlyForDeploymentPostprocessing = 0;
		};
/* End PBXSourcesBuildPhase section */

/* Begin PBXVariantGroup section */
		5021349A299B81F400E51EFA /* Main.storyboard */ = {
			isa = PBXVariantGroup;
			children = (
				5021349B299B81F400E51EFA /* Base */,
			);
			name = Main.storyboard;
			sourceTree = "<group>";
		};
		5021349F299B81F400E51EFA /* LaunchScreen.storyboard */ = {
			isa = PBXVariantGroup;
			children = (
				502134A0299B81F400E51EFA /* Base */,
			);
			name = LaunchScreen.storyboard;
			sourceTree = "<group>";
		};
/* End PBXVariantGroup section */

/* Begin XCBuildConfiguration section */
		502134A3299B81F400E51EFA /* Debug */ = {
			isa = XCBuildConfiguration;
			buildSettings = {
				ALWAYS_SEARCH_USER_PATHS = NO;
				CLANG_ANALYZER_NONNULL = YES;
				CLANG_ANALYZER_NUMBER_OBJECT_CONVERSION = YES_AGGRESSIVE;
				CLANG_CXX_LANGUAGE_STANDARD = "gnu++14";
				CLANG_CXX_LIBRARY = "libc++";
				CLANG_ENABLE_MODULES = YES;
				CLANG_ENABLE_OBJC_ARC = YES;
				CLANG_ENABLE_OBJC_WEAK = YES;
				CLANG_WARN_BLOCK_CAPTURE_AUTORELEASING = YES;
				CLANG_WARN_BOOL_CONVERSION = YES;
				CLANG_WARN_COMMA = YES;
				CLANG_WARN_CONSTANT_CONVERSION = YES;
				CLANG_WARN_DEPRECATED_OBJC_IMPLEMENTATIONS = YES;
				CLANG_WARN_DIRECT_OBJC_ISA_USAGE = YES_ERROR;
				CLANG_WARN_DOCUMENTATION_COMMENTS = YES;
				CLANG_WARN_EMPTY_BODY = YES;
				CLANG_WARN_ENUM_CONVERSION = YES;
				CLANG_WARN_INFINITE_RECURSION = YES;
				CLANG_WARN_INT_CONVERSION = YES;
				CLANG_WARN_NON_LITERAL_NULL_CONVERSION = YES;
				CLANG_WARN_OBJC_IMPLICIT_RETAIN_SELF = YES;
				CLANG_WARN_OBJC_LITERAL_CONVERSION = YES;
				CLANG_WARN_OBJC_ROOT_CLASS = YES_ERROR;
				CLANG_WARN_QUOTED_INCLUDE_IN_FRAMEWORK_HEADER = YES;
				CLANG_WARN_RANGE_LOOP_ANALYSIS = YES;
				CLANG_WARN_STRICT_PROTOTYPES = YES;
				CLANG_WARN_SUSPICIOUS_MOVE = YES;
				CLANG_WARN_UNGUARDED_AVAILABILITY = YES_AGGRESSIVE;
				CLANG_WARN_UNREACHABLE_CODE = YES;
				CLANG_WARN__DUPLICATE_METHOD_MATCH = YES;
				COPY_PHASE_STRIP = NO;
				DEBUG_INFORMATION_FORMAT = dwarf;
				ENABLE_STRICT_OBJC_MSGSEND = YES;
				ENABLE_TESTABILITY = YES;
				GCC_C_LANGUAGE_STANDARD = gnu11;
				GCC_DYNAMIC_NO_PIC = NO;
				GCC_NO_COMMON_BLOCKS = YES;
				GCC_OPTIMIZATION_LEVEL = 0;
				GCC_PREPROCESSOR_DEFINITIONS = (
					"DEBUG=1",
					"$(inherited)",
				);
				GCC_WARN_64_TO_32_BIT_CONVERSION = YES;
				GCC_WARN_ABOUT_RETURN_TYPE = YES_ERROR;
				GCC_WARN_UNDECLARED_SELECTOR = YES;
				GCC_WARN_UNINITIALIZED_AUTOS = YES_AGGRESSIVE;
				GCC_WARN_UNUSED_FUNCTION = YES;
				GCC_WARN_UNUSED_VARIABLE = YES;
				IPHONEOS_DEPLOYMENT_TARGET = 14.5;
				MTL_ENABLE_DEBUG_INFO = INCLUDE_SOURCE;
				MTL_FAST_MATH = YES;
				ONLY_ACTIVE_ARCH = YES;
				SDKROOT = iphoneos;
				SWIFT_ACTIVE_COMPILATION_CONDITIONS = DEBUG;
				SWIFT_OPTIMIZATION_LEVEL = "-Onone";
			};
			name = Debug;
		};
		502134A4299B81F400E51EFA /* Release */ = {
			isa = XCBuildConfiguration;
			buildSettings = {
				ALWAYS_SEARCH_USER_PATHS = NO;
				CLANG_ANALYZER_NONNULL = YES;
				CLANG_ANALYZER_NUMBER_OBJECT_CONVERSION = YES_AGGRESSIVE;
				CLANG_CXX_LANGUAGE_STANDARD = "gnu++14";
				CLANG_CXX_LIBRARY = "libc++";
				CLANG_ENABLE_MODULES = YES;
				CLANG_ENABLE_OBJC_ARC = YES;
				CLANG_ENABLE_OBJC_WEAK = YES;
				CLANG_WARN_BLOCK_CAPTURE_AUTORELEASING = YES;
				CLANG_WARN_BOOL_CONVERSION = YES;
				CLANG_WARN_COMMA = YES;
				CLANG_WARN_CONSTANT_CONVERSION = YES;
				CLANG_WARN_DEPRECATED_OBJC_IMPLEMENTATIONS = YES;
				CLANG_WARN_DIRECT_OBJC_ISA_USAGE = YES_ERROR;
				CLANG_WARN_DOCUMENTATION_COMMENTS = YES;
				CLANG_WARN_EMPTY_BODY = YES;
				CLANG_WARN_ENUM_CONVERSION = YES;
				CLANG_WARN_INFINITE_RECURSION = YES;
				CLANG_WARN_INT_CONVERSION = YES;
				CLANG_WARN_NON_LITERAL_NULL_CONVERSION = YES;
				CLANG_WARN_OBJC_IMPLICIT_RETAIN_SELF = YES;
				CLANG_WARN_OBJC_LITERAL_CONVERSION = YES;
				CLANG_WARN_OBJC_ROOT_CLASS = YES_ERROR;
				CLANG_WARN_QUOTED_INCLUDE_IN_FRAMEWORK_HEADER = YES;
				CLANG_WARN_RANGE_LOOP_ANALYSIS = YES;
				CLANG_WARN_STRICT_PROTOTYPES = YES;
				CLANG_WARN_SUSPICIOUS_MOVE = YES;
				CLANG_WARN_UNGUARDED_AVAILABILITY = YES_AGGRESSIVE;
				CLANG_WARN_UNREACHABLE_CODE = YES;
				CLANG_WARN__DUPLICATE_METHOD_MATCH = YES;
				COPY_PHASE_STRIP = NO;
				DEBUG_INFORMATION_FORMAT = "dwarf-with-dsym";
				ENABLE_NS_ASSERTIONS = NO;
				ENABLE_STRICT_OBJC_MSGSEND = YES;
				GCC_C_LANGUAGE_STANDARD = gnu11;
				GCC_NO_COMMON_BLOCKS = YES;
				GCC_WARN_64_TO_32_BIT_CONVERSION = YES;
				GCC_WARN_ABOUT_RETURN_TYPE = YES_ERROR;
				GCC_WARN_UNDECLARED_SELECTOR = YES;
				GCC_WARN_UNINITIALIZED_AUTOS = YES_AGGRESSIVE;
				GCC_WARN_UNUSED_FUNCTION = YES;
				GCC_WARN_UNUSED_VARIABLE = YES;
				IPHONEOS_DEPLOYMENT_TARGET = 14.5;
				MTL_ENABLE_DEBUG_INFO = NO;
				MTL_FAST_MATH = YES;
				SDKROOT = iphoneos;
				SWIFT_COMPILATION_MODE = wholemodule;
				SWIFT_OPTIMIZATION_LEVEL = "-O";
				VALIDATE_PRODUCT = YES;
			};
			name = Release;
		};
		502134A6299B81F400E51EFA /* Debug */ = {
			isa = XCBuildConfiguration;
			buildSettings = {
				ASSETCATALOG_COMPILER_APPICON_NAME = AppIcon;
				ASSETCATALOG_COMPILER_GLOBAL_ACCENT_COLOR_NAME = AccentColor;
				CODE_SIGN_STYLE = Automatic;
				DEVELOPMENT_TEAM = 6TQ6462CZP;
				INFOPLIST_FILE = testssss/Info.plist;
				LD_RUNPATH_SEARCH_PATHS = (
					"$(inherited)",
					"@executable_path/Frameworks",
				);
				PRODUCT_BUNDLE_IDENTIFIER = "maksymoliiarnyk-nltu.lviv.ua.testssss";
				PRODUCT_NAME = "$(TARGET_NAME)";
				SWIFT_VERSION = 5.0;
				TARGETED_DEVICE_FAMILY = 1;
			};
			name = Debug;
		};
		502134A7299B81F400E51EFA /* Release */ = {
			isa = XCBuildConfiguration;
			buildSettings = {
				ASSETCATALOG_COMPILER_APPICON_NAME = AppIcon;
				ASSETCATALOG_COMPILER_GLOBAL_ACCENT_COLOR_NAME = AccentColor;
				CODE_SIGN_STYLE = Automatic;
				DEVELOPMENT_TEAM = 6TQ6462CZP;
				INFOPLIST_FILE = testssss/Info.plist;
				LD_RUNPATH_SEARCH_PATHS = (
					"$(inherited)",
					"@executable_path/Frameworks",
				);
				PRODUCT_BUNDLE_IDENTIFIER = "maksymoliiarnyk-nltu.lviv.ua.testssss";
				PRODUCT_NAME = "$(TARGET_NAME)";
				SWIFT_VERSION = 5.0;
				TARGETED_DEVICE_FAMILY = 1;
			};
			name = Release;
		};
/* End XCBuildConfiguration section */

/* Begin XCConfigurationList section */
		5021348C299B81F400E51EFA /* Build configuration list for PBXProject "testssss" */ = {
			isa = XCConfigurationList;
			buildConfigurations = (
				502134A3299B81F400E51EFA /* Debug */,
				502134A4299B81F400E51EFA /* Release */,
			);
			defaultConfigurationIsVisible = 0;
			defaultConfigurationName = Release;
		};
		502134A5299B81F400E51EFA /* Build configuration list for PBXNativeTarget "testssss" */ = {
			isa = XCConfigurationList;
			buildConfigurations = (
				502134A6299B81F400E51EFA /* Debug */,
				502134A7299B81F400E51EFA /* Release */,
			);
			defaultConfigurationIsVisible = 0;
			defaultConfigurationName = Release;
		};
/* End XCConfigurationList section */
	};
	rootObject = 50213489299B81F400E51EFA /* Project object */;
}
