// !$*UTF8*$!
{
	archiveVersion = 1;
	classes = {
	};
	objectVersion = 50;
	objects = {

/* Begin PBXBuildFile section */
		30C1E5CB2695FEF1008D1AED /* StudentDetailsPresenter.swift in Sources */ = {isa = PBXBuildFile; fileRef = 30C1E5CA2695FEF1008D1AED /* StudentDetailsPresenter.swift */; };
		30D7074B268A26CE001A8E69 /* AppDelegate.swift in Sources */ = {isa = PBXBuildFile; fileRef = 30D7074A268A26CE001A8E69 /* AppDelegate.swift */; };
		30D7074D268A26CE001A8E69 /* SceneDelegate.swift in Sources */ = {isa = PBXBuildFile; fileRef = 30D7074C268A26CE001A8E69 /* SceneDelegate.swift */; };
		30D7074F268A26CE001A8E69 /* StudentsPresenter.swift in Sources */ = {isa = PBXBuildFile; fileRef = 30D7074E268A26CE001A8E69 /* StudentsPresenter.swift */; };
		30D70752268A26CE001A8E69 /* Main.storyboard in Resources */ = {isa = PBXBuildFile; fileRef = 30D70750268A26CE001A8E69 /* Main.storyboard */; };
		30D70754268A26CF001A8E69 /* Assets.xcassets in Resources */ = {isa = PBXBuildFile; fileRef = 30D70753268A26CF001A8E69 /* Assets.xcassets */; };
		30D70757268A26CF001A8E69 /* LaunchScreen.storyboard in Resources */ = {isa = PBXBuildFile; fileRef = 30D70755268A26CF001A8E69 /* LaunchScreen.storyboard */; };
		30D70761268A295D001A8E69 /* LessonTablePresenter.swift in Sources */ = {isa = PBXBuildFile; fileRef = 30D70760268A295D001A8E69 /* LessonTablePresenter.swift */; };
		30D70764268AFFCB001A8E69 /* DataSource.swift in Sources */ = {isa = PBXBuildFile; fileRef = 30D70763268AFFCB001A8E69 /* DataSource.swift */; };
		30D70769268B0344001A8E69 /* StudentTableViewCell.swift in Sources */ = {isa = PBXBuildFile; fileRef = 30D70767268B0344001A8E69 /* StudentTableViewCell.swift */; };
		30D7076A268B0344001A8E69 /* StudentTableViewCell.xib in Resources */ = {isa = PBXBuildFile; fileRef = 30D70768268B0344001A8E69 /* StudentTableViewCell.xib */; };
		30D70779268B085A001A8E69 /* UIImageView+Extensions.swift in Sources */ = {isa = PBXBuildFile; fileRef = 30D70778268B085A001A8E69 /* UIImageView+Extensions.swift */; };
		30D70787268B2545001A8E69 /* JsonService.swift in Sources */ = {isa = PBXBuildFile; fileRef = 30D70786268B2545001A8E69 /* JsonService.swift */; };
		5020DBE129CB32BA00B255D6 /* Student.swift in Sources */ = {isa = PBXBuildFile; fileRef = 5020DBE029CB32BA00B255D6 /* Student.swift */; };
		5020DBE329CB32C400B255D6 /* Lesson.swift in Sources */ = {isa = PBXBuildFile; fileRef = 5020DBE229CB32C400B255D6 /* Lesson.swift */; };
		5020DBE529CB38E500B255D6 /* StudentsViewController.swift in Sources */ = {isa = PBXBuildFile; fileRef = 5020DBE429CB38E500B255D6 /* StudentsViewController.swift */; };
		5020DBE929CB391900B255D6 /* LessonTableViewController.swift in Sources */ = {isa = PBXBuildFile; fileRef = 5020DBE829CB391900B255D6 /* LessonTableViewController.swift */; };
		5022EA2029CBC2D600DB79FC /* StudentDetailViewController.swift in Sources */ = {isa = PBXBuildFile; fileRef = 5022EA1F29CBC2D600DB79FC /* StudentDetailViewController.swift */; };
/* End PBXBuildFile section */

/* Begin PBXFileReference section */
		30C1E5CA2695FEF1008D1AED /* StudentDetailsPresenter.swift */ = {isa = PBXFileReference; lastKnownFileType = sourcecode.swift; path = StudentDetailsPresenter.swift; sourceTree = "<group>"; };
		30D70747268A26CE001A8E69 /* lesson16.app */ = {isa = PBXFileReference; explicitFileType = wrapper.application; includeInIndex = 0; path = lesson16.app; sourceTree = BUILT_PRODUCTS_DIR; };
		30D7074A268A26CE001A8E69 /* AppDelegate.swift */ = {isa = PBXFileReference; lastKnownFileType = sourcecode.swift; path = AppDelegate.swift; sourceTree = "<group>"; };
		30D7074C268A26CE001A8E69 /* SceneDelegate.swift */ = {isa = PBXFileReference; lastKnownFileType = sourcecode.swift; path = SceneDelegate.swift; sourceTree = "<group>"; };
		30D7074E268A26CE001A8E69 /* StudentsPresenter.swift */ = {isa = PBXFileReference; lastKnownFileType = sourcecode.swift; path = StudentsPresenter.swift; sourceTree = "<group>"; };
		30D70751268A26CE001A8E69 /* Base */ = {isa = PBXFileReference; lastKnownFileType = file.storyboard; name = Base; path = Base.lproj/Main.storyboard; sourceTree = "<group>"; };
		30D70753268A26CF001A8E69 /* Assets.xcassets */ = {isa = PBXFileReference; lastKnownFileType = folder.assetcatalog; path = Assets.xcassets; sourceTree = "<group>"; };
		30D70756268A26CF001A8E69 /* Base */ = {isa = PBXFileReference; lastKnownFileType = file.storyboard; name = Base; path = Base.lproj/LaunchScreen.storyboard; sourceTree = "<group>"; };
		30D70758268A26CF001A8E69 /* Info.plist */ = {isa = PBXFileReference; lastKnownFileType = text.plist.xml; path = Info.plist; sourceTree = "<group>"; };
		30D70760268A295D001A8E69 /* LessonTablePresenter.swift */ = {isa = PBXFileReference; lastKnownFileType = sourcecode.swift; path = LessonTablePresenter.swift; sourceTree = "<group>"; };
		30D70763268AFFCB001A8E69 /* DataSource.swift */ = {isa = PBXFileReference; lastKnownFileType = sourcecode.swift; path = DataSource.swift; sourceTree = "<group>"; };
		30D70767268B0344001A8E69 /* StudentTableViewCell.swift */ = {isa = PBXFileReference; lastKnownFileType = sourcecode.swift; path = StudentTableViewCell.swift; sourceTree = "<group>"; };
		30D70768268B0344001A8E69 /* StudentTableViewCell.xib */ = {isa = PBXFileReference; lastKnownFileType = file.xib; path = StudentTableViewCell.xib; sourceTree = "<group>"; };
		30D70778268B085A001A8E69 /* UIImageView+Extensions.swift */ = {isa = PBXFileReference; lastKnownFileType = sourcecode.swift; path = "UIImageView+Extensions.swift"; sourceTree = "<group>"; };
		30D70786268B2545001A8E69 /* JsonService.swift */ = {isa = PBXFileReference; lastKnownFileType = sourcecode.swift; path = JsonService.swift; sourceTree = "<group>"; };
		5020DBE029CB32BA00B255D6 /* Student.swift */ = {isa = PBXFileReference; lastKnownFileType = sourcecode.swift; path = Student.swift; sourceTree = "<group>"; };
		5020DBE229CB32C400B255D6 /* Lesson.swift */ = {isa = PBXFileReference; lastKnownFileType = sourcecode.swift; path = Lesson.swift; sourceTree = "<group>"; };
		5020DBE429CB38E500B255D6 /* StudentsViewController.swift */ = {isa = PBXFileReference; lastKnownFileType = sourcecode.swift; path = StudentsViewController.swift; sourceTree = "<group>"; };
		5020DBE829CB391900B255D6 /* LessonTableViewController.swift */ = {isa = PBXFileReference; lastKnownFileType = sourcecode.swift; path = LessonTableViewController.swift; sourceTree = "<group>"; };
		5022EA1F29CBC2D600DB79FC /* StudentDetailViewController.swift */ = {isa = PBXFileReference; lastKnownFileType = sourcecode.swift; path = StudentDetailViewController.swift; sourceTree = "<group>"; };
/* End PBXFileReference section */

/* Begin PBXFrameworksBuildPhase section */
		30D70744268A26CE001A8E69 /* Frameworks */ = {
			isa = PBXFrameworksBuildPhase;
			buildActionMask = 2147483647;
			files = (
			);
			runOnlyForDeploymentPostprocessing = 0;
		};
/* End PBXFrameworksBuildPhase section */

/* Begin PBXGroup section */
		30D7073E268A26CE001A8E69 = {
			isa = PBXGroup;
			children = (
				30D70749268A26CE001A8E69 /* lesson16 */,
				30D70748268A26CE001A8E69 /* Products */,
			);
			sourceTree = "<group>";
		};
		30D70748268A26CE001A8E69 /* Products */ = {
			isa = PBXGroup;
			children = (
				30D70747268A26CE001A8E69 /* lesson16.app */,
			);
			name = Products;
			sourceTree = "<group>";
		};
		30D70749268A26CE001A8E69 /* lesson16 */ = {
			isa = PBXGroup;
			children = (
				5020DBDF29CB329900B255D6 /* Model */,
				30D70770268B0531001A8E69 /* View */,
				30D70772268B05C3001A8E69 /* Presenters */,
				30D7078A268B2A57001A8E69 /* Services */,
				30D7077B268B0872001A8E69 /* Extensions */,
				30D70763268AFFCB001A8E69 /* DataSource.swift */,
				30D7074A268A26CE001A8E69 /* AppDelegate.swift */,
				30D7074C268A26CE001A8E69 /* SceneDelegate.swift */,
				30D70750268A26CE001A8E69 /* Main.storyboard */,
				30D70753268A26CF001A8E69 /* Assets.xcassets */,
				30D70755268A26CF001A8E69 /* LaunchScreen.storyboard */,
				30D70758268A26CF001A8E69 /* Info.plist */,
			);
			path = lesson16;
			sourceTree = "<group>";
		};
		30D7076C268B04CD001A8E69 /* StudentTableViewCell */ = {
			isa = PBXGroup;
			children = (
				30D70767268B0344001A8E69 /* StudentTableViewCell.swift */,
				30D70768268B0344001A8E69 /* StudentTableViewCell.xib */,
			);
			path = StudentTableViewCell;
			sourceTree = "<group>";
		};
		30D70770268B0531001A8E69 /* View */ = {
			isa = PBXGroup;
			children = (
				30D7076C268B04CD001A8E69 /* StudentTableViewCell */,
				5020DBE429CB38E500B255D6 /* StudentsViewController.swift */,
				5022EA1F29CBC2D600DB79FC /* StudentDetailViewController.swift */,
				5020DBE829CB391900B255D6 /* LessonTableViewController.swift */,
			);
			path = View;
			sourceTree = "<group>";
		};
		30D70772268B05C3001A8E69 /* Presenters */ = {
			isa = PBXGroup;
			children = (
				30D7074E268A26CE001A8E69 /* StudentsPresenter.swift */,
				30C1E5CA2695FEF1008D1AED /* StudentDetailsPresenter.swift */,
				30D70760268A295D001A8E69 /* LessonTablePresenter.swift */,
			);
			path = Presenters;
			sourceTree = "<group>";
		};
		30D7077B268B0872001A8E69 /* Extensions */ = {
			isa = PBXGroup;
			children = (
				30D70778268B085A001A8E69 /* UIImageView+Extensions.swift */,
			);
			path = Extensions;
			sourceTree = "<group>";
		};
		30D7078A268B2A57001A8E69 /* Services */ = {
			isa = PBXGroup;
			children = (
				30D70786268B2545001A8E69 /* JsonService.swift */,
			);
			path = Services;
			sourceTree = "<group>";
		};
		5020DBDF29CB329900B255D6 /* Model */ = {
			isa = PBXGroup;
			children = (
				5020DBE029CB32BA00B255D6 /* Student.swift */,
				5020DBE229CB32C400B255D6 /* Lesson.swift */,
			);
			path = Model;
			sourceTree = "<group>";
		};
/* End PBXGroup section */

/* Begin PBXNativeTarget section */
		30D70746268A26CE001A8E69 /* lesson16 */ = {
			isa = PBXNativeTarget;
			buildConfigurationList = 30D7075B268A26CF001A8E69 /* Build configuration list for PBXNativeTarget "lesson16" */;
			buildPhases = (
				30D70743268A26CE001A8E69 /* Sources */,
				30D70744268A26CE001A8E69 /* Frameworks */,
				30D70745268A26CE001A8E69 /* Resources */,
			);
			buildRules = (
			);
			dependencies = (
			);
			name = lesson16;
			productName = testtt;
			productReference = 30D70747268A26CE001A8E69 /* lesson16.app */;
			productType = "com.apple.product-type.application";
		};
/* End PBXNativeTarget section */

/* Begin PBXProject section */
		30D7073F268A26CE001A8E69 /* Project object */ = {
			isa = PBXProject;
			attributes = {
				LastSwiftUpdateCheck = 1240;
				LastUpgradeCheck = 1240;
				TargetAttributes = {
					30D70746268A26CE001A8E69 = {
						CreatedOnToolsVersion = 12.4;
					};
				};
			};
			buildConfigurationList = 30D70742268A26CE001A8E69 /* Build configuration list for PBXProject "lesson16" */;
			compatibilityVersion = "Xcode 9.3";
			developmentRegion = en;
			hasScannedForEncodings = 0;
			knownRegions = (
				en,
				Base,
			);
			mainGroup = 30D7073E268A26CE001A8E69;
			productRefGroup = 30D70748268A26CE001A8E69 /* Products */;
			projectDirPath = "";
			projectRoot = "";
			targets = (
				30D70746268A26CE001A8E69 /* lesson16 */,
			);
		};
/* End PBXProject section */

/* Begin PBXResourcesBuildPhase section */
		30D70745268A26CE001A8E69 /* Resources */ = {
			isa = PBXResourcesBuildPhase;
			buildActionMask = 2147483647;
			files = (
				30D70757268A26CF001A8E69 /* LaunchScreen.storyboard in Resources */,
				30D70754268A26CF001A8E69 /* Assets.xcassets in Resources */,
				30D70752268A26CE001A8E69 /* Main.storyboard in Resources */,
				30D7076A268B0344001A8E69 /* StudentTableViewCell.xib in Resources */,
			);
			runOnlyForDeploymentPostprocessing = 0;
		};
/* End PBXResourcesBuildPhase section */

/* Begin PBXSourcesBuildPhase section */
		30D70743268A26CE001A8E69 /* Sources */ = {
			isa = PBXSourcesBuildPhase;
			buildActionMask = 2147483647;
			files = (
				30D70761268A295D001A8E69 /* LessonTablePresenter.swift in Sources */,
				30D7074F268A26CE001A8E69 /* StudentsPresenter.swift in Sources */,
				30D7074B268A26CE001A8E69 /* AppDelegate.swift in Sources */,
				5020DBE129CB32BA00B255D6 /* Student.swift in Sources */,
				30D70764268AFFCB001A8E69 /* DataSource.swift in Sources */,
				30C1E5CB2695FEF1008D1AED /* StudentDetailsPresenter.swift in Sources */,
				30D70787268B2545001A8E69 /* JsonService.swift in Sources */,
				30D7074D268A26CE001A8E69 /* SceneDelegate.swift in Sources */,
				5020DBE529CB38E500B255D6 /* StudentsViewController.swift in Sources */,
				5022EA2029CBC2D600DB79FC /* StudentDetailViewController.swift in Sources */,
				30D70779268B085A001A8E69 /* UIImageView+Extensions.swift in Sources */,
				30D70769268B0344001A8E69 /* StudentTableViewCell.swift in Sources */,
				5020DBE329CB32C400B255D6 /* Lesson.swift in Sources */,
				5020DBE929CB391900B255D6 /* LessonTableViewController.swift in Sources */,
			);
			runOnlyForDeploymentPostprocessing = 0;
		};
/* End PBXSourcesBuildPhase section */

/* Begin PBXVariantGroup section */
		30D70750268A26CE001A8E69 /* Main.storyboard */ = {
			isa = PBXVariantGroup;
			children = (
				30D70751268A26CE001A8E69 /* Base */,
			);
			name = Main.storyboard;
			sourceTree = "<group>";
		};
		30D70755268A26CF001A8E69 /* LaunchScreen.storyboard */ = {
			isa = PBXVariantGroup;
			children = (
				30D70756268A26CF001A8E69 /* Base */,
			);
			name = LaunchScreen.storyboard;
			sourceTree = "<group>";
		};
/* End PBXVariantGroup section */

/* Begin XCBuildConfiguration section */
		30D70759268A26CF001A8E69 /* Debug */ = {
			isa = XCBuildConfiguration;
			buildSettings = {
				ALWAYS_SEARCH_USER_PATHS = NO;
				CLANG_ANALYZER_NONNULL = YES;
				CLANG_ANALYZER_NUMBER_OBJECT_CONVERSION = YES_AGGRESSIVE;
				CLANG_CXX_LANGUAGE_STANDARD = "gnu++14";
				CLANG_CXX_LIBRARY = "libc++";
				CLANG_ENABLE_MODULES = YES;
				CLANG_ENABLE_OBJC_ARC = YES;
				CLANG_ENABLE_OBJC_WEAK = YES;
				CLANG_WARN_BLOCK_CAPTURE_AUTORELEASING = YES;
				CLANG_WARN_BOOL_CONVERSION = YES;
				CLANG_WARN_COMMA = YES;
				CLANG_WARN_CONSTANT_CONVERSION = YES;
				CLANG_WARN_DEPRECATED_OBJC_IMPLEMENTATIONS = YES;
				CLANG_WARN_DIRECT_OBJC_ISA_USAGE = YES_ERROR;
				CLANG_WARN_DOCUMENTATION_COMMENTS = YES;
				CLANG_WARN_EMPTY_BODY = YES;
				CLANG_WARN_ENUM_CONVERSION = YES;
				CLANG_WARN_INFINITE_RECURSION = YES;
				CLANG_WARN_INT_CONVERSION = YES;
				CLANG_WARN_NON_LITERAL_NULL_CONVERSION = YES;
				CLANG_WARN_OBJC_IMPLICIT_RETAIN_SELF = YES;
				CLANG_WARN_OBJC_LITERAL_CONVERSION = YES;
				CLANG_WARN_OBJC_ROOT_CLASS = YES_ERROR;
				CLANG_WARN_QUOTED_INCLUDE_IN_FRAMEWORK_HEADER = YES;
				CLANG_WARN_RANGE_LOOP_ANALYSIS = YES;
				CLANG_WARN_STRICT_PROTOTYPES = YES;
				CLANG_WARN_SUSPICIOUS_MOVE = YES;
				CLANG_WARN_UNGUARDED_AVAILABILITY = YES_AGGRESSIVE;
				CLANG_WARN_UNREACHABLE_CODE = YES;
				CLANG_WARN__DUPLICATE_METHOD_MATCH = YES;
				COPY_PHASE_STRIP = NO;
				DEBUG_INFORMATION_FORMAT = dwarf;
				ENABLE_STRICT_OBJC_MSGSEND = YES;
				ENABLE_TESTABILITY = YES;
				GCC_C_LANGUAGE_STANDARD = gnu11;
				GCC_DYNAMIC_NO_PIC = NO;
				GCC_NO_COMMON_BLOCKS = YES;
				GCC_OPTIMIZATION_LEVEL = 0;
				GCC_PREPROCESSOR_DEFINITIONS = (
					"DEBUG=1",
					"$(inherited)",
				);
				GCC_WARN_64_TO_32_BIT_CONVERSION = YES;
				GCC_WARN_ABOUT_RETURN_TYPE = YES_ERROR;
				GCC_WARN_UNDECLARED_SELECTOR = YES;
				GCC_WARN_UNINITIALIZED_AUTOS = YES_AGGRESSIVE;
				GCC_WARN_UNUSED_FUNCTION = YES;
				GCC_WARN_UNUSED_VARIABLE = YES;
				IPHONEOS_DEPLOYMENT_TARGET = 14.4;
				MTL_ENABLE_DEBUG_INFO = INCLUDE_SOURCE;
				MTL_FAST_MATH = YES;
				ONLY_ACTIVE_ARCH = YES;
				SDKROOT = iphoneos;
				SWIFT_ACTIVE_COMPILATION_CONDITIONS = DEBUG;
				SWIFT_OPTIMIZATION_LEVEL = "-Onone";
			};
			name = Debug;
		};
		30D7075A268A26CF001A8E69 /* Release */ = {
			isa = XCBuildConfiguration;
			buildSettings = {
				ALWAYS_SEARCH_USER_PATHS = NO;
				CLANG_ANALYZER_NONNULL = YES;
				CLANG_ANALYZER_NUMBER_OBJECT_CONVERSION = YES_AGGRESSIVE;
				CLANG_CXX_LANGUAGE_STANDARD = "gnu++14";
				CLANG_CXX_LIBRARY = "libc++";
				CLANG_ENABLE_MODULES = YES;
				CLANG_ENABLE_OBJC_ARC = YES;
				CLANG_ENABLE_OBJC_WEAK = YES;
				CLANG_WARN_BLOCK_CAPTURE_AUTORELEASING = YES;
				CLANG_WARN_BOOL_CONVERSION = YES;
				CLANG_WARN_COMMA = YES;
				CLANG_WARN_CONSTANT_CONVERSION = YES;
				CLANG_WARN_DEPRECATED_OBJC_IMPLEMENTATIONS = YES;
				CLANG_WARN_DIRECT_OBJC_ISA_USAGE = YES_ERROR;
				CLANG_WARN_DOCUMENTATION_COMMENTS = YES;
				CLANG_WARN_EMPTY_BODY = YES;
				CLANG_WARN_ENUM_CONVERSION = YES;
				CLANG_WARN_INFINITE_RECURSION = YES;
				CLANG_WARN_INT_CONVERSION = YES;
				CLANG_WARN_NON_LITERAL_NULL_CONVERSION = YES;
				CLANG_WARN_OBJC_IMPLICIT_RETAIN_SELF = YES;
				CLANG_WARN_OBJC_LITERAL_CONVERSION = YES;
				CLANG_WARN_OBJC_ROOT_CLASS = YES_ERROR;
				CLANG_WARN_QUOTED_INCLUDE_IN_FRAMEWORK_HEADER = YES;
				CLANG_WARN_RANGE_LOOP_ANALYSIS = YES;
				CLANG_WARN_STRICT_PROTOTYPES = YES;
				CLANG_WARN_SUSPICIOUS_MOVE = YES;
				CLANG_WARN_UNGUARDED_AVAILABILITY = YES_AGGRESSIVE;
				CLANG_WARN_UNREACHABLE_CODE = YES;
				CLANG_WARN__DUPLICATE_METHOD_MATCH = YES;
				COPY_PHASE_STRIP = NO;
				DEBUG_INFORMATION_FORMAT = "dwarf-with-dsym";
				ENABLE_NS_ASSERTIONS = NO;
				ENABLE_STRICT_OBJC_MSGSEND = YES;
				GCC_C_LANGUAGE_STANDARD = gnu11;
				GCC_NO_COMMON_BLOCKS = YES;
				GCC_WARN_64_TO_32_BIT_CONVERSION = YES;
				GCC_WARN_ABOUT_RETURN_TYPE = YES_ERROR;
				GCC_WARN_UNDECLARED_SELECTOR = YES;
				GCC_WARN_UNINITIALIZED_AUTOS = YES_AGGRESSIVE;
				GCC_WARN_UNUSED_FUNCTION = YES;
				GCC_WARN_UNUSED_VARIABLE = YES;
				IPHONEOS_DEPLOYMENT_TARGET = 14.4;
				MTL_ENABLE_DEBUG_INFO = NO;
				MTL_FAST_MATH = YES;
				SDKROOT = iphoneos;
				SWIFT_COMPILATION_MODE = wholemodule;
				SWIFT_OPTIMIZATION_LEVEL = "-O";
				VALIDATE_PRODUCT = YES;
			};
			name = Release;
		};
		30D7075C268A26CF001A8E69 /* Debug */ = {
			isa = XCBuildConfiguration;
			buildSettings = {
				ASSETCATALOG_COMPILER_APPICON_NAME = AppIcon;
				ASSETCATALOG_COMPILER_GLOBAL_ACCENT_COLOR_NAME = AccentColor;
				CODE_SIGN_STYLE = Automatic;
				DEVELOPMENT_TEAM = 34UQ9VN4VQ;
				INFOPLIST_FILE = lesson16/Info.plist;
				LD_RUNPATH_SEARCH_PATHS = (
					"$(inherited)",
					"@executable_path/Frameworks",
				);
				PRODUCT_BUNDLE_IDENTIFIER = com.vr.logos.testtt;
				PRODUCT_NAME = "$(TARGET_NAME)";
				SWIFT_VERSION = 5.0;
				TARGETED_DEVICE_FAMILY = "1,2";
			};
			name = Debug;
		};
		30D7075D268A26CF001A8E69 /* Release */ = {
			isa = XCBuildConfiguration;
			buildSettings = {
				ASSETCATALOG_COMPILER_APPICON_NAME = AppIcon;
				ASSETCATALOG_COMPILER_GLOBAL_ACCENT_COLOR_NAME = AccentColor;
				CODE_SIGN_STYLE = Automatic;
				DEVELOPMENT_TEAM = 34UQ9VN4VQ;
				INFOPLIST_FILE = lesson16/Info.plist;
				LD_RUNPATH_SEARCH_PATHS = (
					"$(inherited)",
					"@executable_path/Frameworks",
				);
				PRODUCT_BUNDLE_IDENTIFIER = com.vr.logos.testtt;
				PRODUCT_NAME = "$(TARGET_NAME)";
				SWIFT_VERSION = 5.0;
				TARGETED_DEVICE_FAMILY = "1,2";
			};
			name = Release;
		};
/* End XCBuildConfiguration section */

/* Begin XCConfigurationList section */
		30D70742268A26CE001A8E69 /* Build configuration list for PBXProject "lesson16" */ = {
			isa = XCConfigurationList;
			buildConfigurations = (
				30D70759268A26CF001A8E69 /* Debug */,
				30D7075A268A26CF001A8E69 /* Release */,
			);
			defaultConfigurationIsVisible = 0;
			defaultConfigurationName = Release;
		};
		30D7075B268A26CF001A8E69 /* Build configuration list for PBXNativeTarget "lesson16" */ = {
			isa = XCConfigurationList;
			buildConfigurations = (
				30D7075C268A26CF001A8E69 /* Debug */,
				30D7075D268A26CF001A8E69 /* Release */,
			);
			defaultConfigurationIsVisible = 0;
			defaultConfigurationName = Release;
		};
/* End XCConfigurationList section */
	};
	rootObject = 30D7073F268A26CE001A8E69 /* Project object */;
}
