// !$*UTF8*$!
{
	archiveVersion = 1;
	classes = {
	};
	objectVersion = 50;
	objects = {

/* Begin PBXBuildFile section */
		507A79C02A62EC3B00F690F4 /* AppDelegate.swift in Sources */ = {isa = PBXBuildFile; fileRef = 507A79BF2A62EC3B00F690F4 /* AppDelegate.swift */; };
		507A79C22A62EC3B00F690F4 /* SceneDelegate.swift in Sources */ = {isa = PBXBuildFile; fileRef = 507A79C12A62EC3B00F690F4 /* SceneDelegate.swift */; };
		507A79C42A62EC3B00F690F4 /* ViewController.swift in Sources */ = {isa = PBXBuildFile; fileRef = 507A79C32A62EC3B00F690F4 /* ViewController.swift */; };
		507A79C72A62EC3B00F690F4 /* Main.storyboard in Resources */ = {isa = PBXBuildFile; fileRef = 507A79C52A62EC3B00F690F4 /* Main.storyboard */; };
		507A79C92A62EC3C00F690F4 /* Assets.xcassets in Resources */ = {isa = PBXBuildFile; fileRef = 507A79C82A62EC3C00F690F4 /* Assets.xcassets */; };
		507A79CC2A62EC3C00F690F4 /* LaunchScreen.storyboard in Resources */ = {isa = PBXBuildFile; fileRef = 507A79CA2A62EC3C00F690F4 /* LaunchScreen.storyboard */; };
/* End PBXBuildFile section */

/* Begin PBXFileReference section */
		507A79BC2A62EC3B00F690F4 /* lesson18_1.app */ = {isa = PBXFileReference; explicitFileType = wrapper.application; includeInIndex = 0; path = lesson18_1.app; sourceTree = BUILT_PRODUCTS_DIR; };
		507A79BF2A62EC3B00F690F4 /* AppDelegate.swift */ = {isa = PBXFileReference; lastKnownFileType = sourcecode.swift; path = AppDelegate.swift; sourceTree = "<group>"; };
		507A79C12A62EC3B00F690F4 /* SceneDelegate.swift */ = {isa = PBXFileReference; lastKnownFileType = sourcecode.swift; path = SceneDelegate.swift; sourceTree = "<group>"; };
		507A79C32A62EC3B00F690F4 /* ViewController.swift */ = {isa = PBXFileReference; lastKnownFileType = sourcecode.swift; path = ViewController.swift; sourceTree = "<group>"; };
		507A79C62A62EC3B00F690F4 /* Base */ = {isa = PBXFileReference; lastKnownFileType = file.storyboard; name = Base; path = Base.lproj/Main.storyboard; sourceTree = "<group>"; };
		507A79C82A62EC3C00F690F4 /* Assets.xcassets */ = {isa = PBXFileReference; lastKnownFileType = folder.assetcatalog; path = Assets.xcassets; sourceTree = "<group>"; };
		507A79CB2A62EC3C00F690F4 /* Base */ = {isa = PBXFileReference; lastKnownFileType = file.storyboard; name = Base; path = Base.lproj/LaunchScreen.storyboard; sourceTree = "<group>"; };
		507A79CD2A62EC3C00F690F4 /* Info.plist */ = {isa = PBXFileReference; lastKnownFileType = text.plist.xml; path = Info.plist; sourceTree = "<group>"; };
/* End PBXFileReference section */

/* Begin PBXFrameworksBuildPhase section */
		507A79B92A62EC3B00F690F4 /* Frameworks */ = {
			isa = PBXFrameworksBuildPhase;
			buildActionMask = 2147483647;
			files = (
			);
			runOnlyForDeploymentPostprocessing = 0;
		};
/* End PBXFrameworksBuildPhase section */

/* Begin PBXGroup section */
		507A79B32A62EC3B00F690F4 = {
			isa = PBXGroup;
			children = (
				507A79BE2A62EC3B00F690F4 /* lesson18_1 */,
				507A79BD2A62EC3B00F690F4 /* Products */,
			);
			sourceTree = "<group>";
		};
		507A79BD2A62EC3B00F690F4 /* Products */ = {
			isa = PBXGroup;
			children = (
				507A79BC2A62EC3B00F690F4 /* lesson18_1.app */,
			);
			name = Products;
			sourceTree = "<group>";
		};
		507A79BE2A62EC3B00F690F4 /* lesson18_1 */ = {
			isa = PBXGroup;
			children = (
				507A79BF2A62EC3B00F690F4 /* AppDelegate.swift */,
				507A79C12A62EC3B00F690F4 /* SceneDelegate.swift */,
				507A79C32A62EC3B00F690F4 /* ViewController.swift */,
				507A79C52A62EC3B00F690F4 /* Main.storyboard */,
				507A79C82A62EC3C00F690F4 /* Assets.xcassets */,
				507A79CA2A62EC3C00F690F4 /* LaunchScreen.storyboard */,
				507A79CD2A62EC3C00F690F4 /* Info.plist */,
			);
			path = lesson18_1;
			sourceTree = "<group>";
		};
/* End PBXGroup section */

/* Begin PBXNativeTarget section */
		507A79BB2A62EC3B00F690F4 /* lesson18_1 */ = {
			isa = PBXNativeTarget;
			buildConfigurationList = 507A79D02A62EC3C00F690F4 /* Build configuration list for PBXNativeTarget "lesson18_1" */;
			buildPhases = (
				507A79B82A62EC3B00F690F4 /* Sources */,
				507A79B92A62EC3B00F690F4 /* Frameworks */,
				507A79BA2A62EC3B00F690F4 /* Resources */,
			);
			buildRules = (
			);
			dependencies = (
			);
			name = lesson18_1;
			productName = lesson18_1;
			productReference = 507A79BC2A62EC3B00F690F4 /* lesson18_1.app */;
			productType = "com.apple.product-type.application";
		};
/* End PBXNativeTarget section */

/* Begin PBXProject section */
		507A79B42A62EC3B00F690F4 /* Project object */ = {
			isa = PBXProject;
			attributes = {
				LastSwiftUpdateCheck = 1250;
				LastUpgradeCheck = 1250;
				TargetAttributes = {
					507A79BB2A62EC3B00F690F4 = {
						CreatedOnToolsVersion = 12.5.1;
					};
				};
			};
			buildConfigurationList = 507A79B72A62EC3B00F690F4 /* Build configuration list for PBXProject "lesson18_1" */;
			compatibilityVersion = "Xcode 9.3";
			developmentRegion = en;
			hasScannedForEncodings = 0;
			knownRegions = (
				en,
				Base,
			);
			mainGroup = 507A79B32A62EC3B00F690F4;
			productRefGroup = 507A79BD2A62EC3B00F690F4 /* Products */;
			projectDirPath = "";
			projectRoot = "";
			targets = (
				507A79BB2A62EC3B00F690F4 /* lesson18_1 */,
			);
		};
/* End PBXProject section */

/* Begin PBXResourcesBuildPhase section */
		507A79BA2A62EC3B00F690F4 /* Resources */ = {
			isa = PBXResourcesBuildPhase;
			buildActionMask = 2147483647;
			files = (
				507A79CC2A62EC3C00F690F4 /* LaunchScreen.storyboard in Resources */,
				507A79C92A62EC3C00F690F4 /* Assets.xcassets in Resources */,
				507A79C72A62EC3B00F690F4 /* Main.storyboard in Resources */,
			);
			runOnlyForDeploymentPostprocessing = 0;
		};
/* End PBXResourcesBuildPhase section */

/* Begin PBXSourcesBuildPhase section */
		507A79B82A62EC3B00F690F4 /* Sources */ = {
			isa = PBXSourcesBuildPhase;
			buildActionMask = 2147483647;
			files = (
				507A79C42A62EC3B00F690F4 /* ViewController.swift in Sources */,
				507A79C02A62EC3B00F690F4 /* AppDelegate.swift in Sources */,
				507A79C22A62EC3B00F690F4 /* SceneDelegate.swift in Sources */,
			);
			runOnlyForDeploymentPostprocessing = 0;
		};
/* End PBXSourcesBuildPhase section */

/* Begin PBXVariantGroup section */
		507A79C52A62EC3B00F690F4 /* Main.storyboard */ = {
			isa = PBXVariantGroup;
			children = (
				507A79C62A62EC3B00F690F4 /* Base */,
			);
			name = Main.storyboard;
			sourceTree = "<group>";
		};
		507A79CA2A62EC3C00F690F4 /* LaunchScreen.storyboard */ = {
			isa = PBXVariantGroup;
			children = (
				507A79CB2A62EC3C00F690F4 /* Base */,
			);
			name = LaunchScreen.storyboard;
			sourceTree = "<group>";
		};
/* End PBXVariantGroup section */

/* Begin XCBuildConfiguration section */
		507A79CE2A62EC3C00F690F4 /* Debug */ = {
			isa = XCBuildConfiguration;
			buildSettings = {
				ALWAYS_SEARCH_USER_PATHS = NO;
				CLANG_ANALYZER_NONNULL = YES;
				CLANG_ANALYZER_NUMBER_OBJECT_CONVERSION = YES_AGGRESSIVE;
				CLANG_CXX_LANGUAGE_STANDARD = "gnu++14";
				CLANG_CXX_LIBRARY = "libc++";
				CLANG_ENABLE_MODULES = YES;
				CLANG_ENABLE_OBJC_ARC = YES;
				CLANG_ENABLE_OBJC_WEAK = YES;
				CLANG_WARN_BLOCK_CAPTURE_AUTORELEASING = YES;
				CLANG_WARN_BOOL_CONVERSION = YES;
				CLANG_WARN_COMMA = YES;
				CLANG_WARN_CONSTANT_CONVERSION = YES;
				CLANG_WARN_DEPRECATED_OBJC_IMPLEMENTATIONS = YES;
				CLANG_WARN_DIRECT_OBJC_ISA_USAGE = YES_ERROR;
				CLANG_WARN_DOCUMENTATION_COMMENTS = YES;
				CLANG_WARN_EMPTY_BODY = YES;
				CLANG_WARN_ENUM_CONVERSION = YES;
				CLANG_WARN_INFINITE_RECURSION = YES;
				CLANG_WARN_INT_CONVERSION = YES;
				CLANG_WARN_NON_LITERAL_NULL_CONVERSION = YES;
				CLANG_WARN_OBJC_IMPLICIT_RETAIN_SELF = YES;
				CLANG_WARN_OBJC_LITERAL_CONVERSION = YES;
				CLANG_WARN_OBJC_ROOT_CLASS = YES_ERROR;
				CLANG_WARN_QUOTED_INCLUDE_IN_FRAMEWORK_HEADER = YES;
				CLANG_WARN_RANGE_LOOP_ANALYSIS = YES;
				CLANG_WARN_STRICT_PROTOTYPES = YES;
				CLANG_WARN_SUSPICIOUS_MOVE = YES;
				CLANG_WARN_UNGUARDED_AVAILABILITY = YES_AGGRESSIVE;
				CLANG_WARN_UNREACHABLE_CODE = YES;
				CLANG_WARN__DUPLICATE_METHOD_MATCH = YES;
				COPY_PHASE_STRIP = NO;
				DEBUG_INFORMATION_FORMAT = dwarf;
				ENABLE_STRICT_OBJC_MSGSEND = YES;
				ENABLE_TESTABILITY = YES;
				GCC_C_LANGUAGE_STANDARD = gnu11;
				GCC_DYNAMIC_NO_PIC = NO;
				GCC_NO_COMMON_BLOCKS = YES;
				GCC_OPTIMIZATION_LEVEL = 0;
				GCC_PREPROCESSOR_DEFINITIONS = (
					"DEBUG=1",
					"$(inherited)",
				);
				GCC_WARN_64_TO_32_BIT_CONVERSION = YES;
				GCC_WARN_ABOUT_RETURN_TYPE = YES_ERROR;
				GCC_WARN_UNDECLARED_SELECTOR = YES;
				GCC_WARN_UNINITIALIZED_AUTOS = YES_AGGRESSIVE;
				GCC_WARN_UNUSED_FUNCTION = YES;
				GCC_WARN_UNUSED_VARIABLE = YES;
				IPHONEOS_DEPLOYMENT_TARGET = 14.5;
				MTL_ENABLE_DEBUG_INFO = INCLUDE_SOURCE;
				MTL_FAST_MATH = YES;
				ONLY_ACTIVE_ARCH = YES;
				SDKROOT = iphoneos;
				SWIFT_ACTIVE_COMPILATION_CONDITIONS = DEBUG;
				SWIFT_OPTIMIZATION_LEVEL = "-Onone";
			};
			name = Debug;
		};
		507A79CF2A62EC3C00F690F4 /* Release */ = {
			isa = XCBuildConfiguration;
			buildSettings = {
				ALWAYS_SEARCH_USER_PATHS = NO;
				CLANG_ANALYZER_NONNULL = YES;
				CLANG_ANALYZER_NUMBER_OBJECT_CONVERSION = YES_AGGRESSIVE;
				CLANG_CXX_LANGUAGE_STANDARD = "gnu++14";
				CLANG_CXX_LIBRARY = "libc++";
				CLANG_ENABLE_MODULES = YES;
				CLANG_ENABLE_OBJC_ARC = YES;
				CLANG_ENABLE_OBJC_WEAK = YES;
				CLANG_WARN_BLOCK_CAPTURE_AUTORELEASING = YES;
				CLANG_WARN_BOOL_CONVERSION = YES;
				CLANG_WARN_COMMA = YES;
				CLANG_WARN_CONSTANT_CONVERSION = YES;
				CLANG_WARN_DEPRECATED_OBJC_IMPLEMENTATIONS = YES;
				CLANG_WARN_DIRECT_OBJC_ISA_USAGE = YES_ERROR;
				CLANG_WARN_DOCUMENTATION_COMMENTS = YES;
				CLANG_WARN_EMPTY_BODY = YES;
				CLANG_WARN_ENUM_CONVERSION = YES;
				CLANG_WARN_INFINITE_RECURSION = YES;
				CLANG_WARN_INT_CONVERSION = YES;
				CLANG_WARN_NON_LITERAL_NULL_CONVERSION = YES;
				CLANG_WARN_OBJC_IMPLICIT_RETAIN_SELF = YES;
				CLANG_WARN_OBJC_LITERAL_CONVERSION = YES;
				CLANG_WARN_OBJC_ROOT_CLASS = YES_ERROR;
				CLANG_WARN_QUOTED_INCLUDE_IN_FRAMEWORK_HEADER = YES;
				CLANG_WARN_RANGE_LOOP_ANALYSIS = YES;
				CLANG_WARN_STRICT_PROTOTYPES = YES;
				CLANG_WARN_SUSPICIOUS_MOVE = YES;
				CLANG_WARN_UNGUARDED_AVAILABILITY = YES_AGGRESSIVE;
				CLANG_WARN_UNREACHABLE_CODE = YES;
				CLANG_WARN__DUPLICATE_METHOD_MATCH = YES;
				COPY_PHASE_STRIP = NO;
				DEBUG_INFORMATION_FORMAT = "dwarf-with-dsym";
				ENABLE_NS_ASSERTIONS = NO;
				ENABLE_STRICT_OBJC_MSGSEND = YES;
				GCC_C_LANGUAGE_STANDARD = gnu11;
				GCC_NO_COMMON_BLOCKS = YES;
				GCC_WARN_64_TO_32_BIT_CONVERSION = YES;
				GCC_WARN_ABOUT_RETURN_TYPE = YES_ERROR;
				GCC_WARN_UNDECLARED_SELECTOR = YES;
				GCC_WARN_UNINITIALIZED_AUTOS = YES_AGGRESSIVE;
				GCC_WARN_UNUSED_FUNCTION = YES;
				GCC_WARN_UNUSED_VARIABLE = YES;
				IPHONEOS_DEPLOYMENT_TARGET = 14.5;
				MTL_ENABLE_DEBUG_INFO = NO;
				MTL_FAST_MATH = YES;
				SDKROOT = iphoneos;
				SWIFT_COMPILATION_MODE = wholemodule;
				SWIFT_OPTIMIZATION_LEVEL = "-O";
				VALIDATE_PRODUCT = YES;
			};
			name = Release;
		};
		507A79D12A62EC3C00F690F4 /* Debug */ = {
			isa = XCBuildConfiguration;
			buildSettings = {
				ASSETCATALOG_COMPILER_APPICON_NAME = AppIcon;
				ASSETCATALOG_COMPILER_GLOBAL_ACCENT_COLOR_NAME = AccentColor;
				CODE_SIGN_STYLE = Automatic;
				DEVELOPMENT_TEAM = 6TQ6462CZP;
				INFOPLIST_FILE = lesson18_1/Info.plist;
				LD_RUNPATH_SEARCH_PATHS = (
					"$(inherited)",
					"@executable_path/Frameworks",
				);
				PRODUCT_BUNDLE_IDENTIFIER = "maksymoliiarnyk-nltu.lviv.ua.lesson18-1";
				PRODUCT_NAME = "$(TARGET_NAME)";
				SWIFT_VERSION = 5.0;
				TARGETED_DEVICE_FAMILY = "1,2";
			};
			name = Debug;
		};
		507A79D22A62EC3C00F690F4 /* Release */ = {
			isa = XCBuildConfiguration;
			buildSettings = {
				ASSETCATALOG_COMPILER_APPICON_NAME = AppIcon;
				ASSETCATALOG_COMPILER_GLOBAL_ACCENT_COLOR_NAME = AccentColor;
				CODE_SIGN_STYLE = Automatic;
				DEVELOPMENT_TEAM = 6TQ6462CZP;
				INFOPLIST_FILE = lesson18_1/Info.plist;
				LD_RUNPATH_SEARCH_PATHS = (
					"$(inherited)",
					"@executable_path/Frameworks",
				);
				PRODUCT_BUNDLE_IDENTIFIER = "maksymoliiarnyk-nltu.lviv.ua.lesson18-1";
				PRODUCT_NAME = "$(TARGET_NAME)";
				SWIFT_VERSION = 5.0;
				TARGETED_DEVICE_FAMILY = "1,2";
			};
			name = Release;
		};
/* End XCBuildConfiguration section */

/* Begin XCConfigurationList section */
		507A79B72A62EC3B00F690F4 /* Build configuration list for PBXProject "lesson18_1" */ = {
			isa = XCConfigurationList;
			buildConfigurations = (
				507A79CE2A62EC3C00F690F4 /* Debug */,
				507A79CF2A62EC3C00F690F4 /* Release */,
			);
			defaultConfigurationIsVisible = 0;
			defaultConfigurationName = Release;
		};
		507A79D02A62EC3C00F690F4 /* Build configuration list for PBXNativeTarget "lesson18_1" */ = {
			isa = XCConfigurationList;
			buildConfigurations = (
				507A79D12A62EC3C00F690F4 /* Debug */,
				507A79D22A62EC3C00F690F4 /* Release */,
			);
			defaultConfigurationIsVisible = 0;
			defaultConfigurationName = Release;
		};
/* End XCConfigurationList section */
	};
	rootObject = 507A79B42A62EC3B00F690F4 /* Project object */;
}
