// !$*UTF8*$!
{
	archiveVersion = 1;
	classes = {
	};
	objectVersion = 50;
	objects = {

/* Begin PBXBuildFile section */
		50103BB129E6B39F00910D48 /* PickerLabels.swift in Sources */ = {isa = PBXBuildFile; fileRef = 50103BB029E6B39F00910D48 /* PickerLabels.swift */; };
		5050E51729D98AAC00128B56 /* AppDelegate.swift in Sources */ = {isa = PBXBuildFile; fileRef = 5050E51629D98AAC00128B56 /* AppDelegate.swift */; };
		5050E51929D98AAC00128B56 /* SceneDelegate.swift in Sources */ = {isa = PBXBuildFile; fileRef = 5050E51829D98AAC00128B56 /* SceneDelegate.swift */; };
		5050E51B29D98AAC00128B56 /* StopTimeWatchController.swift in Sources */ = {isa = PBXBuildFile; fileRef = 5050E51A29D98AAC00128B56 /* StopTimeWatchController.swift */; };
		5050E51E29D98AAC00128B56 /* Main.storyboard in Resources */ = {isa = PBXBuildFile; fileRef = 5050E51C29D98AAC00128B56 /* Main.storyboard */; };
		5050E52029D98AAD00128B56 /* Assets.xcassets in Resources */ = {isa = PBXBuildFile; fileRef = 5050E51F29D98AAD00128B56 /* Assets.xcassets */; };
		5050E52329D98AAD00128B56 /* LaunchScreen.storyboard in Resources */ = {isa = PBXBuildFile; fileRef = 5050E52129D98AAD00128B56 /* LaunchScreen.storyboard */; };
/* End PBXBuildFile section */

/* Begin PBXFileReference section */
		50103BB029E6B39F00910D48 /* PickerLabels.swift */ = {isa = PBXFileReference; lastKnownFileType = sourcecode.swift; path = PickerLabels.swift; sourceTree = "<group>"; };
		5050E51329D98AAC00128B56 /* Lesson17_1.app */ = {isa = PBXFileReference; explicitFileType = wrapper.application; includeInIndex = 0; path = Lesson17_1.app; sourceTree = BUILT_PRODUCTS_DIR; };
		5050E51629D98AAC00128B56 /* AppDelegate.swift */ = {isa = PBXFileReference; lastKnownFileType = sourcecode.swift; path = AppDelegate.swift; sourceTree = "<group>"; };
		5050E51829D98AAC00128B56 /* SceneDelegate.swift */ = {isa = PBXFileReference; lastKnownFileType = sourcecode.swift; path = SceneDelegate.swift; sourceTree = "<group>"; };
		5050E51A29D98AAC00128B56 /* StopTimeWatchController.swift */ = {isa = PBXFileReference; lastKnownFileType = sourcecode.swift; path = StopTimeWatchController.swift; sourceTree = "<group>"; };
		5050E51D29D98AAC00128B56 /* Base */ = {isa = PBXFileReference; lastKnownFileType = file.storyboard; name = Base; path = Base.lproj/Main.storyboard; sourceTree = "<group>"; };
		5050E51F29D98AAD00128B56 /* Assets.xcassets */ = {isa = PBXFileReference; lastKnownFileType = folder.assetcatalog; path = Assets.xcassets; sourceTree = "<group>"; };
		5050E52229D98AAD00128B56 /* Base */ = {isa = PBXFileReference; lastKnownFileType = file.storyboard; name = Base; path = Base.lproj/LaunchScreen.storyboard; sourceTree = "<group>"; };
		5050E52429D98AAD00128B56 /* Info.plist */ = {isa = PBXFileReference; lastKnownFileType = text.plist.xml; path = Info.plist; sourceTree = "<group>"; };
/* End PBXFileReference section */

/* Begin PBXFrameworksBuildPhase section */
		5050E51029D98AAC00128B56 /* Frameworks */ = {
			isa = PBXFrameworksBuildPhase;
			buildActionMask = 2147483647;
			files = (
			);
			runOnlyForDeploymentPostprocessing = 0;
		};
/* End PBXFrameworksBuildPhase section */

/* Begin PBXGroup section */
		5050E50A29D98AAC00128B56 = {
			isa = PBXGroup;
			children = (
				5050E51529D98AAC00128B56 /* Lesson17_1 */,
				5050E51429D98AAC00128B56 /* Products */,
			);
			sourceTree = "<group>";
		};
		5050E51429D98AAC00128B56 /* Products */ = {
			isa = PBXGroup;
			children = (
				5050E51329D98AAC00128B56 /* Lesson17_1.app */,
			);
			name = Products;
			sourceTree = "<group>";
		};
		5050E51529D98AAC00128B56 /* Lesson17_1 */ = {
			isa = PBXGroup;
			children = (
				5050E51629D98AAC00128B56 /* AppDelegate.swift */,
				5050E51829D98AAC00128B56 /* SceneDelegate.swift */,
				5050E51A29D98AAC00128B56 /* StopTimeWatchController.swift */,
				50103BB029E6B39F00910D48 /* PickerLabels.swift */,
				5050E51C29D98AAC00128B56 /* Main.storyboard */,
				5050E51F29D98AAD00128B56 /* Assets.xcassets */,
				5050E52129D98AAD00128B56 /* LaunchScreen.storyboard */,
				5050E52429D98AAD00128B56 /* Info.plist */,
			);
			path = Lesson17_1;
			sourceTree = "<group>";
		};
/* End PBXGroup section */

/* Begin PBXNativeTarget section */
		5050E51229D98AAC00128B56 /* Lesson17_1 */ = {
			isa = PBXNativeTarget;
			buildConfigurationList = 5050E52729D98AAD00128B56 /* Build configuration list for PBXNativeTarget "Lesson17_1" */;
			buildPhases = (
				5050E50F29D98AAC00128B56 /* Sources */,
				5050E51029D98AAC00128B56 /* Frameworks */,
				5050E51129D98AAC00128B56 /* Resources */,
			);
			buildRules = (
			);
			dependencies = (
			);
			name = Lesson17_1;
			productName = Lesson17_1;
			productReference = 5050E51329D98AAC00128B56 /* Lesson17_1.app */;
			productType = "com.apple.product-type.application";
		};
/* End PBXNativeTarget section */

/* Begin PBXProject section */
		5050E50B29D98AAC00128B56 /* Project object */ = {
			isa = PBXProject;
			attributes = {
				LastSwiftUpdateCheck = 1250;
				LastUpgradeCheck = 1250;
				TargetAttributes = {
					5050E51229D98AAC00128B56 = {
						CreatedOnToolsVersion = 12.5.1;
					};
				};
			};
			buildConfigurationList = 5050E50E29D98AAC00128B56 /* Build configuration list for PBXProject "Lesson17_1" */;
			compatibilityVersion = "Xcode 9.3";
			developmentRegion = en;
			hasScannedForEncodings = 0;
			knownRegions = (
				en,
				Base,
			);
			mainGroup = 5050E50A29D98AAC00128B56;
			productRefGroup = 5050E51429D98AAC00128B56 /* Products */;
			projectDirPath = "";
			projectRoot = "";
			targets = (
				5050E51229D98AAC00128B56 /* Lesson17_1 */,
			);
		};
/* End PBXProject section */

/* Begin PBXResourcesBuildPhase section */
		5050E51129D98AAC00128B56 /* Resources */ = {
			isa = PBXResourcesBuildPhase;
			buildActionMask = 2147483647;
			files = (
				5050E52329D98AAD00128B56 /* LaunchScreen.storyboard in Resources */,
				5050E52029D98AAD00128B56 /* Assets.xcassets in Resources */,
				5050E51E29D98AAC00128B56 /* Main.storyboard in Resources */,
			);
			runOnlyForDeploymentPostprocessing = 0;
		};
/* End PBXResourcesBuildPhase section */

/* Begin PBXSourcesBuildPhase section */
		5050E50F29D98AAC00128B56 /* Sources */ = {
			isa = PBXSourcesBuildPhase;
			buildActionMask = 2147483647;
			files = (
				5050E51B29D98AAC00128B56 /* StopTimeWatchController.swift in Sources */,
				5050E51729D98AAC00128B56 /* AppDelegate.swift in Sources */,
				50103BB129E6B39F00910D48 /* PickerLabels.swift in Sources */,
				5050E51929D98AAC00128B56 /* SceneDelegate.swift in Sources */,
			);
			runOnlyForDeploymentPostprocessing = 0;
		};
/* End PBXSourcesBuildPhase section */

/* Begin PBXVariantGroup section */
		5050E51C29D98AAC00128B56 /* Main.storyboard */ = {
			isa = PBXVariantGroup;
			children = (
				5050E51D29D98AAC00128B56 /* Base */,
			);
			name = Main.storyboard;
			sourceTree = "<group>";
		};
		5050E52129D98AAD00128B56 /* LaunchScreen.storyboard */ = {
			isa = PBXVariantGroup;
			children = (
				5050E52229D98AAD00128B56 /* Base */,
			);
			name = LaunchScreen.storyboard;
			sourceTree = "<group>";
		};
/* End PBXVariantGroup section */

/* Begin XCBuildConfiguration section */
		5050E52529D98AAD00128B56 /* Debug */ = {
			isa = XCBuildConfiguration;
			buildSettings = {
				ALWAYS_SEARCH_USER_PATHS = NO;
				CLANG_ANALYZER_NONNULL = YES;
				CLANG_ANALYZER_NUMBER_OBJECT_CONVERSION = YES_AGGRESSIVE;
				CLANG_CXX_LANGUAGE_STANDARD = "gnu++14";
				CLANG_CXX_LIBRARY = "libc++";
				CLANG_ENABLE_MODULES = YES;
				CLANG_ENABLE_OBJC_ARC = YES;
				CLANG_ENABLE_OBJC_WEAK = YES;
				CLANG_WARN_BLOCK_CAPTURE_AUTORELEASING = YES;
				CLANG_WARN_BOOL_CONVERSION = YES;
				CLANG_WARN_COMMA = YES;
				CLANG_WARN_CONSTANT_CONVERSION = YES;
				CLANG_WARN_DEPRECATED_OBJC_IMPLEMENTATIONS = YES;
				CLANG_WARN_DIRECT_OBJC_ISA_USAGE = YES_ERROR;
				CLANG_WARN_DOCUMENTATION_COMMENTS = YES;
				CLANG_WARN_EMPTY_BODY = YES;
				CLANG_WARN_ENUM_CONVERSION = YES;
				CLANG_WARN_INFINITE_RECURSION = YES;
				CLANG_WARN_INT_CONVERSION = YES;
				CLANG_WARN_NON_LITERAL_NULL_CONVERSION = YES;
				CLANG_WARN_OBJC_IMPLICIT_RETAIN_SELF = YES;
				CLANG_WARN_OBJC_LITERAL_CONVERSION = YES;
				CLANG_WARN_OBJC_ROOT_CLASS = YES_ERROR;
				CLANG_WARN_QUOTED_INCLUDE_IN_FRAMEWORK_HEADER = YES;
				CLANG_WARN_RANGE_LOOP_ANALYSIS = YES;
				CLANG_WARN_STRICT_PROTOTYPES = YES;
				CLANG_WARN_SUSPICIOUS_MOVE = YES;
				CLANG_WARN_UNGUARDED_AVAILABILITY = YES_AGGRESSIVE;
				CLANG_WARN_UNREACHABLE_CODE = YES;
				CLANG_WARN__DUPLICATE_METHOD_MATCH = YES;
				COPY_PHASE_STRIP = NO;
				DEBUG_INFORMATION_FORMAT = dwarf;
				ENABLE_STRICT_OBJC_MSGSEND = YES;
				ENABLE_TESTABILITY = YES;
				GCC_C_LANGUAGE_STANDARD = gnu11;
				GCC_DYNAMIC_NO_PIC = NO;
				GCC_NO_COMMON_BLOCKS = YES;
				GCC_OPTIMIZATION_LEVEL = 0;
				GCC_PREPROCESSOR_DEFINITIONS = (
					"DEBUG=1",
					"$(inherited)",
				);
				GCC_WARN_64_TO_32_BIT_CONVERSION = YES;
				GCC_WARN_ABOUT_RETURN_TYPE = YES_ERROR;
				GCC_WARN_UNDECLARED_SELECTOR = YES;
				GCC_WARN_UNINITIALIZED_AUTOS = YES_AGGRESSIVE;
				GCC_WARN_UNUSED_FUNCTION = YES;
				GCC_WARN_UNUSED_VARIABLE = YES;
				IPHONEOS_DEPLOYMENT_TARGET = 14.5;
				MTL_ENABLE_DEBUG_INFO = INCLUDE_SOURCE;
				MTL_FAST_MATH = YES;
				ONLY_ACTIVE_ARCH = YES;
				SDKROOT = iphoneos;
				SWIFT_ACTIVE_COMPILATION_CONDITIONS = DEBUG;
				SWIFT_OPTIMIZATION_LEVEL = "-Onone";
			};
			name = Debug;
		};
		5050E52629D98AAD00128B56 /* Release */ = {
			isa = XCBuildConfiguration;
			buildSettings = {
				ALWAYS_SEARCH_USER_PATHS = NO;
				CLANG_ANALYZER_NONNULL = YES;
				CLANG_ANALYZER_NUMBER_OBJECT_CONVERSION = YES_AGGRESSIVE;
				CLANG_CXX_LANGUAGE_STANDARD = "gnu++14";
				CLANG_CXX_LIBRARY = "libc++";
				CLANG_ENABLE_MODULES = YES;
				CLANG_ENABLE_OBJC_ARC = YES;
				CLANG_ENABLE_OBJC_WEAK = YES;
				CLANG_WARN_BLOCK_CAPTURE_AUTORELEASING = YES;
				CLANG_WARN_BOOL_CONVERSION = YES;
				CLANG_WARN_COMMA = YES;
				CLANG_WARN_CONSTANT_CONVERSION = YES;
				CLANG_WARN_DEPRECATED_OBJC_IMPLEMENTATIONS = YES;
				CLANG_WARN_DIRECT_OBJC_ISA_USAGE = YES_ERROR;
				CLANG_WARN_DOCUMENTATION_COMMENTS = YES;
				CLANG_WARN_EMPTY_BODY = YES;
				CLANG_WARN_ENUM_CONVERSION = YES;
				CLANG_WARN_INFINITE_RECURSION = YES;
				CLANG_WARN_INT_CONVERSION = YES;
				CLANG_WARN_NON_LITERAL_NULL_CONVERSION = YES;
				CLANG_WARN_OBJC_IMPLICIT_RETAIN_SELF = YES;
				CLANG_WARN_OBJC_LITERAL_CONVERSION = YES;
				CLANG_WARN_OBJC_ROOT_CLASS = YES_ERROR;
				CLANG_WARN_QUOTED_INCLUDE_IN_FRAMEWORK_HEADER = YES;
				CLANG_WARN_RANGE_LOOP_ANALYSIS = YES;
				CLANG_WARN_STRICT_PROTOTYPES = YES;
				CLANG_WARN_SUSPICIOUS_MOVE = YES;
				CLANG_WARN_UNGUARDED_AVAILABILITY = YES_AGGRESSIVE;
				CLANG_WARN_UNREACHABLE_CODE = YES;
				CLANG_WARN__DUPLICATE_METHOD_MATCH = YES;
				COPY_PHASE_STRIP = NO;
				DEBUG_INFORMATION_FORMAT = "dwarf-with-dsym";
				ENABLE_NS_ASSERTIONS = NO;
				ENABLE_STRICT_OBJC_MSGSEND = YES;
				GCC_C_LANGUAGE_STANDARD = gnu11;
				GCC_NO_COMMON_BLOCKS = YES;
				GCC_WARN_64_TO_32_BIT_CONVERSION = YES;
				GCC_WARN_ABOUT_RETURN_TYPE = YES_ERROR;
				GCC_WARN_UNDECLARED_SELECTOR = YES;
				GCC_WARN_UNINITIALIZED_AUTOS = YES_AGGRESSIVE;
				GCC_WARN_UNUSED_FUNCTION = YES;
				GCC_WARN_UNUSED_VARIABLE = YES;
				IPHONEOS_DEPLOYMENT_TARGET = 14.5;
				MTL_ENABLE_DEBUG_INFO = NO;
				MTL_FAST_MATH = YES;
				SDKROOT = iphoneos;
				SWIFT_COMPILATION_MODE = wholemodule;
				SWIFT_OPTIMIZATION_LEVEL = "-O";
				VALIDATE_PRODUCT = YES;
			};
			name = Release;
		};
		5050E52829D98AAD00128B56 /* Debug */ = {
			isa = XCBuildConfiguration;
			buildSettings = {
				ASSETCATALOG_COMPILER_APPICON_NAME = AppIcon;
				ASSETCATALOG_COMPILER_GLOBAL_ACCENT_COLOR_NAME = AccentColor;
				CODE_SIGN_STYLE = Automatic;
				DEVELOPMENT_TEAM = 6TQ6462CZP;
				INFOPLIST_FILE = Lesson17_1/Info.plist;
				LD_RUNPATH_SEARCH_PATHS = (
					"$(inherited)",
					"@executable_path/Frameworks",
				);
				PRODUCT_BUNDLE_IDENTIFIER = "maksymoliiarnyk-nltu.lviv.ua.Lesson17-1";
				PRODUCT_NAME = "$(TARGET_NAME)";
				SWIFT_VERSION = 5.0;
				TARGETED_DEVICE_FAMILY = 1;
			};
			name = Debug;
		};
		5050E52929D98AAD00128B56 /* Release */ = {
			isa = XCBuildConfiguration;
			buildSettings = {
				ASSETCATALOG_COMPILER_APPICON_NAME = AppIcon;
				ASSETCATALOG_COMPILER_GLOBAL_ACCENT_COLOR_NAME = AccentColor;
				CODE_SIGN_STYLE = Automatic;
				DEVELOPMENT_TEAM = 6TQ6462CZP;
				INFOPLIST_FILE = Lesson17_1/Info.plist;
				LD_RUNPATH_SEARCH_PATHS = (
					"$(inherited)",
					"@executable_path/Frameworks",
				);
				PRODUCT_BUNDLE_IDENTIFIER = "maksymoliiarnyk-nltu.lviv.ua.Lesson17-1";
				PRODUCT_NAME = "$(TARGET_NAME)";
				SWIFT_VERSION = 5.0;
				TARGETED_DEVICE_FAMILY = 1;
			};
			name = Release;
		};
/* End XCBuildConfiguration section */

/* Begin XCConfigurationList section */
		5050E50E29D98AAC00128B56 /* Build configuration list for PBXProject "Lesson17_1" */ = {
			isa = XCConfigurationList;
			buildConfigurations = (
				5050E52529D98AAD00128B56 /* Debug */,
				5050E52629D98AAD00128B56 /* Release */,
			);
			defaultConfigurationIsVisible = 0;
			defaultConfigurationName = Release;
		};
		5050E52729D98AAD00128B56 /* Build configuration list for PBXNativeTarget "Lesson17_1" */ = {
			isa = XCConfigurationList;
			buildConfigurations = (
				5050E52829D98AAD00128B56 /* Debug */,
				5050E52929D98AAD00128B56 /* Release */,
			);
			defaultConfigurationIsVisible = 0;
			defaultConfigurationName = Release;
		};
/* End XCConfigurationList section */
	};
	rootObject = 5050E50B29D98AAC00128B56 /* Project object */;
}
