// !$*UTF8*$!
{
	archiveVersion = 1;
	classes = {
	};
	objectVersion = 50;
	objects = {

/* Begin PBXBuildFile section */
		500044FE2AADDEDF00191FE1 /* LocationTableSearch.swift in Sources */ = {isa = PBXBuildFile; fileRef = 500044FD2AADDEDF00191FE1 /* LocationTableSearch.swift */; };
		5005DF002A8269FA0069B87D /* AppDelegate.swift in Sources */ = {isa = PBXBuildFile; fileRef = 5005DEFF2A8269FA0069B87D /* AppDelegate.swift */; };
		5005DF022A8269FA0069B87D /* SceneDelegate.swift in Sources */ = {isa = PBXBuildFile; fileRef = 5005DF012A8269FA0069B87D /* SceneDelegate.swift */; };
		5005DF042A8269FA0069B87D /* ViewController.swift in Sources */ = {isa = PBXBuildFile; fileRef = 5005DF032A8269FA0069B87D /* ViewController.swift */; };
		5005DF072A8269FA0069B87D /* Main.storyboard in Resources */ = {isa = PBXBuildFile; fileRef = 5005DF052A8269FA0069B87D /* Main.storyboard */; };
		5005DF092A8269FC0069B87D /* Assets.xcassets in Resources */ = {isa = PBXBuildFile; fileRef = 5005DF082A8269FC0069B87D /* Assets.xcassets */; };
		5005DF0C2A8269FC0069B87D /* LaunchScreen.storyboard in Resources */ = {isa = PBXBuildFile; fileRef = 5005DF0A2A8269FC0069B87D /* LaunchScreen.storyboard */; };
/* End PBXBuildFile section */

/* Begin PBXFileReference section */
		500044FD2AADDEDF00191FE1 /* LocationTableSearch.swift */ = {isa = PBXFileReference; lastKnownFileType = sourcecode.swift; path = LocationTableSearch.swift; sourceTree = "<group>"; };
		5005DEFC2A8269FA0069B87D /* lesson18_2.app */ = {isa = PBXFileReference; explicitFileType = wrapper.application; includeInIndex = 0; path = lesson18_2.app; sourceTree = BUILT_PRODUCTS_DIR; };
		5005DEFF2A8269FA0069B87D /* AppDelegate.swift */ = {isa = PBXFileReference; lastKnownFileType = sourcecode.swift; path = AppDelegate.swift; sourceTree = "<group>"; };
		5005DF012A8269FA0069B87D /* SceneDelegate.swift */ = {isa = PBXFileReference; lastKnownFileType = sourcecode.swift; path = SceneDelegate.swift; sourceTree = "<group>"; };
		5005DF032A8269FA0069B87D /* ViewController.swift */ = {isa = PBXFileReference; lastKnownFileType = sourcecode.swift; path = ViewController.swift; sourceTree = "<group>"; };
		5005DF062A8269FA0069B87D /* Base */ = {isa = PBXFileReference; lastKnownFileType = file.storyboard; name = Base; path = Base.lproj/Main.storyboard; sourceTree = "<group>"; };
		5005DF082A8269FC0069B87D /* Assets.xcassets */ = {isa = PBXFileReference; lastKnownFileType = folder.assetcatalog; path = Assets.xcassets; sourceTree = "<group>"; };
		5005DF0B2A8269FC0069B87D /* Base */ = {isa = PBXFileReference; lastKnownFileType = file.storyboard; name = Base; path = Base.lproj/LaunchScreen.storyboard; sourceTree = "<group>"; };
		5005DF0D2A8269FC0069B87D /* Info.plist */ = {isa = PBXFileReference; lastKnownFileType = text.plist.xml; path = Info.plist; sourceTree = "<group>"; };
/* End PBXFileReference section */

/* Begin PBXFrameworksBuildPhase section */
		5005DEF92A8269FA0069B87D /* Frameworks */ = {
			isa = PBXFrameworksBuildPhase;
			buildActionMask = 2147483647;
			files = (
			);
			runOnlyForDeploymentPostprocessing = 0;
		};
/* End PBXFrameworksBuildPhase section */

/* Begin PBXGroup section */
		5005DEF32A8269FA0069B87D = {
			isa = PBXGroup;
			children = (
				5005DEFE2A8269FA0069B87D /* lesson18_2 */,
				5005DEFD2A8269FA0069B87D /* Products */,
			);
			sourceTree = "<group>";
		};
		5005DEFD2A8269FA0069B87D /* Products */ = {
			isa = PBXGroup;
			children = (
				5005DEFC2A8269FA0069B87D /* lesson18_2.app */,
			);
			name = Products;
			sourceTree = "<group>";
		};
		5005DEFE2A8269FA0069B87D /* lesson18_2 */ = {
			isa = PBXGroup;
			children = (
				5005DEFF2A8269FA0069B87D /* AppDelegate.swift */,
				5005DF012A8269FA0069B87D /* SceneDelegate.swift */,
				5005DF032A8269FA0069B87D /* ViewController.swift */,
				5005DF052A8269FA0069B87D /* Main.storyboard */,
				500044FD2AADDEDF00191FE1 /* LocationTableSearch.swift */,
				5005DF082A8269FC0069B87D /* Assets.xcassets */,
				5005DF0A2A8269FC0069B87D /* LaunchScreen.storyboard */,
				5005DF0D2A8269FC0069B87D /* Info.plist */,
			);
			path = lesson18_2;
			sourceTree = "<group>";
		};
/* End PBXGroup section */

/* Begin PBXNativeTarget section */
		5005DEFB2A8269FA0069B87D /* lesson18_2 */ = {
			isa = PBXNativeTarget;
			buildConfigurationList = 5005DF102A8269FC0069B87D /* Build configuration list for PBXNativeTarget "lesson18_2" */;
			buildPhases = (
				5005DEF82A8269FA0069B87D /* Sources */,
				5005DEF92A8269FA0069B87D /* Frameworks */,
				5005DEFA2A8269FA0069B87D /* Resources */,
			);
			buildRules = (
			);
			dependencies = (
			);
			name = lesson18_2;
			productName = lesson18_2;
			productReference = 5005DEFC2A8269FA0069B87D /* lesson18_2.app */;
			productType = "com.apple.product-type.application";
		};
/* End PBXNativeTarget section */

/* Begin PBXProject section */
		5005DEF42A8269FA0069B87D /* Project object */ = {
			isa = PBXProject;
			attributes = {
				LastSwiftUpdateCheck = 1250;
				LastUpgradeCheck = 1250;
				TargetAttributes = {
					5005DEFB2A8269FA0069B87D = {
						CreatedOnToolsVersion = 12.5.1;
					};
				};
			};
			buildConfigurationList = 5005DEF72A8269FA0069B87D /* Build configuration list for PBXProject "lesson18_2" */;
			compatibilityVersion = "Xcode 9.3";
			developmentRegion = en;
			hasScannedForEncodings = 0;
			knownRegions = (
				en,
				Base,
			);
			mainGroup = 5005DEF32A8269FA0069B87D;
			productRefGroup = 5005DEFD2A8269FA0069B87D /* Products */;
			projectDirPath = "";
			projectRoot = "";
			targets = (
				5005DEFB2A8269FA0069B87D /* lesson18_2 */,
			);
		};
/* End PBXProject section */

/* Begin PBXResourcesBuildPhase section */
		5005DEFA2A8269FA0069B87D /* Resources */ = {
			isa = PBXResourcesBuildPhase;
			buildActionMask = 2147483647;
			files = (
				5005DF0C2A8269FC0069B87D /* LaunchScreen.storyboard in Resources */,
				5005DF092A8269FC0069B87D /* Assets.xcassets in Resources */,
				5005DF072A8269FA0069B87D /* Main.storyboard in Resources */,
			);
			runOnlyForDeploymentPostprocessing = 0;
		};
/* End PBXResourcesBuildPhase section */

/* Begin PBXSourcesBuildPhase section */
		5005DEF82A8269FA0069B87D /* Sources */ = {
			isa = PBXSourcesBuildPhase;
			buildActionMask = 2147483647;
			files = (
				5005DF042A8269FA0069B87D /* ViewController.swift in Sources */,
				5005DF002A8269FA0069B87D /* AppDelegate.swift in Sources */,
				5005DF022A8269FA0069B87D /* SceneDelegate.swift in Sources */,
				500044FE2AADDEDF00191FE1 /* LocationTableSearch.swift in Sources */,
			);
			runOnlyForDeploymentPostprocessing = 0;
		};
/* End PBXSourcesBuildPhase section */

/* Begin PBXVariantGroup section */
		5005DF052A8269FA0069B87D /* Main.storyboard */ = {
			isa = PBXVariantGroup;
			children = (
				5005DF062A8269FA0069B87D /* Base */,
			);
			name = Main.storyboard;
			sourceTree = "<group>";
		};
		5005DF0A2A8269FC0069B87D /* LaunchScreen.storyboard */ = {
			isa = PBXVariantGroup;
			children = (
				5005DF0B2A8269FC0069B87D /* Base */,
			);
			name = LaunchScreen.storyboard;
			sourceTree = "<group>";
		};
/* End PBXVariantGroup section */

/* Begin XCBuildConfiguration section */
		5005DF0E2A8269FC0069B87D /* Debug */ = {
			isa = XCBuildConfiguration;
			buildSettings = {
				ALWAYS_SEARCH_USER_PATHS = NO;
				CLANG_ANALYZER_NONNULL = YES;
				CLANG_ANALYZER_NUMBER_OBJECT_CONVERSION = YES_AGGRESSIVE;
				CLANG_CXX_LANGUAGE_STANDARD = "gnu++14";
				CLANG_CXX_LIBRARY = "libc++";
				CLANG_ENABLE_MODULES = YES;
				CLANG_ENABLE_OBJC_ARC = YES;
				CLANG_ENABLE_OBJC_WEAK = YES;
				CLANG_WARN_BLOCK_CAPTURE_AUTORELEASING = YES;
				CLANG_WARN_BOOL_CONVERSION = YES;
				CLANG_WARN_COMMA = YES;
				CLANG_WARN_CONSTANT_CONVERSION = YES;
				CLANG_WARN_DEPRECATED_OBJC_IMPLEMENTATIONS = YES;
				CLANG_WARN_DIRECT_OBJC_ISA_USAGE = YES_ERROR;
				CLANG_WARN_DOCUMENTATION_COMMENTS = YES;
				CLANG_WARN_EMPTY_BODY = YES;
				CLANG_WARN_ENUM_CONVERSION = YES;
				CLANG_WARN_INFINITE_RECURSION = YES;
				CLANG_WARN_INT_CONVERSION = YES;
				CLANG_WARN_NON_LITERAL_NULL_CONVERSION = YES;
				CLANG_WARN_OBJC_IMPLICIT_RETAIN_SELF = YES;
				CLANG_WARN_OBJC_LITERAL_CONVERSION = YES;
				CLANG_WARN_OBJC_ROOT_CLASS = YES_ERROR;
				CLANG_WARN_QUOTED_INCLUDE_IN_FRAMEWORK_HEADER = YES;
				CLANG_WARN_RANGE_LOOP_ANALYSIS = YES;
				CLANG_WARN_STRICT_PROTOTYPES = YES;
				CLANG_WARN_SUSPICIOUS_MOVE = YES;
				CLANG_WARN_UNGUARDED_AVAILABILITY = YES_AGGRESSIVE;
				CLANG_WARN_UNREACHABLE_CODE = YES;
				CLANG_WARN__DUPLICATE_METHOD_MATCH = YES;
				COPY_PHASE_STRIP = NO;
				DEBUG_INFORMATION_FORMAT = dwarf;
				ENABLE_STRICT_OBJC_MSGSEND = YES;
				ENABLE_TESTABILITY = YES;
				GCC_C_LANGUAGE_STANDARD = gnu11;
				GCC_DYNAMIC_NO_PIC = NO;
				GCC_NO_COMMON_BLOCKS = YES;
				GCC_OPTIMIZATION_LEVEL = 0;
				GCC_PREPROCESSOR_DEFINITIONS = (
					"DEBUG=1",
					"$(inherited)",
				);
				GCC_WARN_64_TO_32_BIT_CONVERSION = YES;
				GCC_WARN_ABOUT_RETURN_TYPE = YES_ERROR;
				GCC_WARN_UNDECLARED_SELECTOR = YES;
				GCC_WARN_UNINITIALIZED_AUTOS = YES_AGGRESSIVE;
				GCC_WARN_UNUSED_FUNCTION = YES;
				GCC_WARN_UNUSED_VARIABLE = YES;
				IPHONEOS_DEPLOYMENT_TARGET = 14.5;
				MTL_ENABLE_DEBUG_INFO = INCLUDE_SOURCE;
				MTL_FAST_MATH = YES;
				ONLY_ACTIVE_ARCH = YES;
				SDKROOT = iphoneos;
				SWIFT_ACTIVE_COMPILATION_CONDITIONS = DEBUG;
				SWIFT_OPTIMIZATION_LEVEL = "-Onone";
			};
			name = Debug;
		};
		5005DF0F2A8269FC0069B87D /* Release */ = {
			isa = XCBuildConfiguration;
			buildSettings = {
				ALWAYS_SEARCH_USER_PATHS = NO;
				CLANG_ANALYZER_NONNULL = YES;
				CLANG_ANALYZER_NUMBER_OBJECT_CONVERSION = YES_AGGRESSIVE;
				CLANG_CXX_LANGUAGE_STANDARD = "gnu++14";
				CLANG_CXX_LIBRARY = "libc++";
				CLANG_ENABLE_MODULES = YES;
				CLANG_ENABLE_OBJC_ARC = YES;
				CLANG_ENABLE_OBJC_WEAK = YES;
				CLANG_WARN_BLOCK_CAPTURE_AUTORELEASING = YES;
				CLANG_WARN_BOOL_CONVERSION = YES;
				CLANG_WARN_COMMA = YES;
				CLANG_WARN_CONSTANT_CONVERSION = YES;
				CLANG_WARN_DEPRECATED_OBJC_IMPLEMENTATIONS = YES;
				CLANG_WARN_DIRECT_OBJC_ISA_USAGE = YES_ERROR;
				CLANG_WARN_DOCUMENTATION_COMMENTS = YES;
				CLANG_WARN_EMPTY_BODY = YES;
				CLANG_WARN_ENUM_CONVERSION = YES;
				CLANG_WARN_INFINITE_RECURSION = YES;
				CLANG_WARN_INT_CONVERSION = YES;
				CLANG_WARN_NON_LITERAL_NULL_CONVERSION = YES;
				CLANG_WARN_OBJC_IMPLICIT_RETAIN_SELF = YES;
				CLANG_WARN_OBJC_LITERAL_CONVERSION = YES;
				CLANG_WARN_OBJC_ROOT_CLASS = YES_ERROR;
				CLANG_WARN_QUOTED_INCLUDE_IN_FRAMEWORK_HEADER = YES;
				CLANG_WARN_RANGE_LOOP_ANALYSIS = YES;
				CLANG_WARN_STRICT_PROTOTYPES = YES;
				CLANG_WARN_SUSPICIOUS_MOVE = YES;
				CLANG_WARN_UNGUARDED_AVAILABILITY = YES_AGGRESSIVE;
				CLANG_WARN_UNREACHABLE_CODE = YES;
				CLANG_WARN__DUPLICATE_METHOD_MATCH = YES;
				COPY_PHASE_STRIP = NO;
				DEBUG_INFORMATION_FORMAT = "dwarf-with-dsym";
				ENABLE_NS_ASSERTIONS = NO;
				ENABLE_STRICT_OBJC_MSGSEND = YES;
				GCC_C_LANGUAGE_STANDARD = gnu11;
				GCC_NO_COMMON_BLOCKS = YES;
				GCC_WARN_64_TO_32_BIT_CONVERSION = YES;
				GCC_WARN_ABOUT_RETURN_TYPE = YES_ERROR;
				GCC_WARN_UNDECLARED_SELECTOR = YES;
				GCC_WARN_UNINITIALIZED_AUTOS = YES_AGGRESSIVE;
				GCC_WARN_UNUSED_FUNCTION = YES;
				GCC_WARN_UNUSED_VARIABLE = YES;
				IPHONEOS_DEPLOYMENT_TARGET = 14.5;
				MTL_ENABLE_DEBUG_INFO = NO;
				MTL_FAST_MATH = YES;
				SDKROOT = iphoneos;
				SWIFT_COMPILATION_MODE = wholemodule;
				SWIFT_OPTIMIZATION_LEVEL = "-O";
				VALIDATE_PRODUCT = YES;
			};
			name = Release;
		};
		5005DF112A8269FC0069B87D /* Debug */ = {
			isa = XCBuildConfiguration;
			buildSettings = {
				ASSETCATALOG_COMPILER_APPICON_NAME = AppIcon;
				ASSETCATALOG_COMPILER_GLOBAL_ACCENT_COLOR_NAME = AccentColor;
				CODE_SIGN_STYLE = Automatic;
				DEVELOPMENT_TEAM = 6TQ6462CZP;
				INFOPLIST_FILE = lesson18_2/Info.plist;
				LD_RUNPATH_SEARCH_PATHS = (
					"$(inherited)",
					"@executable_path/Frameworks",
				);
				PRODUCT_BUNDLE_IDENTIFIER = "maksymoliiarnyk-nltu.lviv.ua.lesson18-2";
				PRODUCT_NAME = "$(TARGET_NAME)";
				SWIFT_VERSION = 5.0;
				TARGETED_DEVICE_FAMILY = 1;
			};
			name = Debug;
		};
		5005DF122A8269FC0069B87D /* Release */ = {
			isa = XCBuildConfiguration;
			buildSettings = {
				ASSETCATALOG_COMPILER_APPICON_NAME = AppIcon;
				ASSETCATALOG_COMPILER_GLOBAL_ACCENT_COLOR_NAME = AccentColor;
				CODE_SIGN_STYLE = Automatic;
				DEVELOPMENT_TEAM = 6TQ6462CZP;
				INFOPLIST_FILE = lesson18_2/Info.plist;
				LD_RUNPATH_SEARCH_PATHS = (
					"$(inherited)",
					"@executable_path/Frameworks",
				);
				PRODUCT_BUNDLE_IDENTIFIER = "maksymoliiarnyk-nltu.lviv.ua.lesson18-2";
				PRODUCT_NAME = "$(TARGET_NAME)";
				SWIFT_VERSION = 5.0;
				TARGETED_DEVICE_FAMILY = 1;
			};
			name = Release;
		};
/* End XCBuildConfiguration section */

/* Begin XCConfigurationList section */
		5005DEF72A8269FA0069B87D /* Build configuration list for PBXProject "lesson18_2" */ = {
			isa = XCConfigurationList;
			buildConfigurations = (
				5005DF0E2A8269FC0069B87D /* Debug */,
				5005DF0F2A8269FC0069B87D /* Release */,
			);
			defaultConfigurationIsVisible = 0;
			defaultConfigurationName = Release;
		};
		5005DF102A8269FC0069B87D /* Build configuration list for PBXNativeTarget "lesson18_2" */ = {
			isa = XCConfigurationList;
			buildConfigurations = (
				5005DF112A8269FC0069B87D /* Debug */,
				5005DF122A8269FC0069B87D /* Release */,
			);
			defaultConfigurationIsVisible = 0;
			defaultConfigurationName = Release;
		};
/* End XCConfigurationList section */
	};
	rootObject = 5005DEF42A8269FA0069B87D /* Project object */;
}
